// !$*UTF8*$!
{
	archiveVersion = 1;
	classes = {
	};
	objectVersion = 50;
	objects = {

/* Begin PBXBuildFile section */
		3A223874234A0E59000B49A9 /* 3_v1.cpp in Sources */ = {isa = PBXBuildFile; fileRef = 3A223873234A0E59000B49A9 /* 3_v1.cpp */; };
		3A223876234A172D000B49A9 /* 3_v2.cpp in Sources */ = {isa = PBXBuildFile; fileRef = 3A223875234A172C000B49A9 /* 3_v2.cpp */; };
		3A3FB9E7235306F00045D9E5 /* LongestCommonSubstring_v1.cpp in Sources */ = {isa = PBXBuildFile; fileRef = 3A3FB9E6235306F00045D9E5 /* LongestCommonSubstring_v1.cpp */; };
		3A3FB9E9235309200045D9E5 /* LongestCommonSubstring_v2.cpp in Sources */ = {isa = PBXBuildFile; fileRef = 3A3FB9E8235309200045D9E5 /* LongestCommonSubstring_v2.cpp */; };
		3A3FB9EB2355E5940045D9E5 /* 62_v1.cpp in Sources */ = {isa = PBXBuildFile; fileRef = 3A3FB9EA2355E5940045D9E5 /* 62_v1.cpp */; };
		3A3FB9ED2355E9A60045D9E5 /* 62_v2.cpp in Sources */ = {isa = PBXBuildFile; fileRef = 3A3FB9EC2355E9A60045D9E5 /* 62_v2.cpp */; };
		3A3FB9EF2355FA350045D9E5 /* 63_v1.cpp in Sources */ = {isa = PBXBuildFile; fileRef = 3A3FB9EE2355FA350045D9E5 /* 63_v1.cpp */; };
		3A3FB9F1235619110045D9E5 /* 64_v1.cpp in Sources */ = {isa = PBXBuildFile; fileRef = 3A3FB9F0235619110045D9E5 /* 64_v1.cpp */; };
		3A58D5E6230534960033F424 /* main.cpp in Sources */ = {isa = PBXBuildFile; fileRef = 3A58D5E5230534960033F424 /* main.cpp */; };
		3A58D5EE230535070033F424 /* 1_array_v1.cpp in Sources */ = {isa = PBXBuildFile; fileRef = 3A58D5ED230535070033F424 /* 1_array_v1.cpp */; };
		3A58D5F6230952F10033F424 /* 1_array_v2.cpp in Sources */ = {isa = PBXBuildFile; fileRef = 3A58D5F5230952F10033F424 /* 1_array_v2.cpp */; };
		3A58D5F8230960AB0033F424 /* 4_array_v1.cpp in Sources */ = {isa = PBXBuildFile; fileRef = 3A58D5F7230960AB0033F424 /* 4_array_v1.cpp */; };
		3A58D5FA230A277D0033F424 /* 4_array_v2.cpp in Sources */ = {isa = PBXBuildFile; fileRef = 3A58D5F9230A277D0033F424 /* 4_array_v2.cpp */; };
		3A58D5FC230A2DA40033F424 /* 11_array_v1.cpp in Sources */ = {isa = PBXBuildFile; fileRef = 3A58D5FB230A2DA40033F424 /* 11_array_v1.cpp */; };
		3A58D5FE230A30520033F424 /* 11_array_v2.cpp in Sources */ = {isa = PBXBuildFile; fileRef = 3A58D5FD230A30520033F424 /* 11_array_v2.cpp */; };
		3A58D600230A325A0033F424 /* 11_array_v3.cpp in Sources */ = {isa = PBXBuildFile; fileRef = 3A58D5FF230A325A0033F424 /* 11_array_v3.cpp */; };
		3A58D602230A81D50033F424 /* 15_array_v1.cpp in Sources */ = {isa = PBXBuildFile; fileRef = 3A58D601230A81D50033F424 /* 15_array_v1.cpp */; };
		3A58D604230A85E20033F424 /* 15_array_v2.cpp in Sources */ = {isa = PBXBuildFile; fileRef = 3A58D603230A85E20033F424 /* 15_array_v2.cpp */; };
		3AA3FFC7230CCE1600FDF7C8 /* 16_array_v1.cpp in Sources */ = {isa = PBXBuildFile; fileRef = 3AA3FFC6230CCE1600FDF7C8 /* 16_array_v1.cpp */; };
		3AA3FFD1230D412F00FDF7C8 /* 18_array_v1.cpp in Sources */ = {isa = PBXBuildFile; fileRef = 3AA3FFD0230D412F00FDF7C8 /* 18_array_v1.cpp */; };
		3AA3FFD3230D484400FDF7C8 /* 26_array_v1.cpp in Sources */ = {isa = PBXBuildFile; fileRef = 3AA3FFD2230D484400FDF7C8 /* 26_array_v1.cpp */; };
		3AA3FFD5230D49BD00FDF7C8 /* 27_array_v1.cpp in Sources */ = {isa = PBXBuildFile; fileRef = 3AA3FFD4230D49BD00FDF7C8 /* 27_array_v1.cpp */; };
		3AA3FFD7230D6C1A00FDF7C8 /* 27_array_v2.cpp in Sources */ = {isa = PBXBuildFile; fileRef = 3AA3FFD6230D6C1A00FDF7C8 /* 27_array_v2.cpp */; };
		3AA3FFDF231282A100FDF7C8 /* 31_array_v1.cpp in Sources */ = {isa = PBXBuildFile; fileRef = 3AA3FFDE231282A100FDF7C8 /* 31_array_v1.cpp */; };
		3AA3FFE1231282CB00FDF7C8 /* 33_array_v1.cpp in Sources */ = {isa = PBXBuildFile; fileRef = 3AA3FFE0231282CB00FDF7C8 /* 33_array_v1.cpp */; };
		3AA3FFE32312883A00FDF7C8 /* 34_array_v1.cpp in Sources */ = {isa = PBXBuildFile; fileRef = 3AA3FFE22312883A00FDF7C8 /* 34_array_v1.cpp */; };
		3AA3FFE5231289E900FDF7C8 /* 35_array_v1.cpp in Sources */ = {isa = PBXBuildFile; fileRef = 3AA3FFE4231289E900FDF7C8 /* 35_array_v1.cpp */; };
		3AA3FFE92312DE4300FDF7C8 /* 31_array_v2.cpp in Sources */ = {isa = PBXBuildFile; fileRef = 3AA3FFE82312DE4300FDF7C8 /* 31_array_v2.cpp */; };
		3AA3FFEB2315722800FDF7C8 /* 48_array_v1.cpp in Sources */ = {isa = PBXBuildFile; fileRef = 3AA3FFEA2315722800FDF7C8 /* 48_array_v1.cpp */; };
		3AA3FFED2315757900FDF7C8 /* 53_array_v1.cpp in Sources */ = {isa = PBXBuildFile; fileRef = 3AA3FFEC2315757900FDF7C8 /* 53_array_v1.cpp */; };
		3AA3FFEF231EB58700FDF7C8 /* 55_array_v1.cpp in Sources */ = {isa = PBXBuildFile; fileRef = 3AA3FFEE231EB58700FDF7C8 /* 55_array_v1.cpp */; };
		3AA3FFF2231EB6DF00FDF7C8 /* 55_array_v2.cpp in Sources */ = {isa = PBXBuildFile; fileRef = 3AA3FFF0231EB6DF00FDF7C8 /* 55_array_v2.cpp */; };
/* End PBXBuildFile section */

/* Begin PBXCopyFilesBuildPhase section */
		3A58D5E0230534960033F424 /* CopyFiles */ = {
			isa = PBXCopyFilesBuildPhase;
			buildActionMask = 2147483647;
			dstPath = /usr/share/man/man1/;
			dstSubfolderSpec = 0;
			files = (
			);
			runOnlyForDeploymentPostprocessing = 1;
		};
/* End PBXCopyFilesBuildPhase section */

/* Begin PBXFileReference section */
		3A223873234A0E59000B49A9 /* 3_v1.cpp */ = {isa = PBXFileReference; lastKnownFileType = sourcecode.cpp.cpp; path = 3_v1.cpp; sourceTree = "<group>"; };
		3A223875234A172C000B49A9 /* 3_v2.cpp */ = {isa = PBXFileReference; lastKnownFileType = sourcecode.cpp.cpp; path = 3_v2.cpp; sourceTree = "<group>"; };
		3A3FB9E6235306F00045D9E5 /* LongestCommonSubstring_v1.cpp */ = {isa = PBXFileReference; lastKnownFileType = sourcecode.cpp.cpp; path = LongestCommonSubstring_v1.cpp; sourceTree = "<group>"; };
		3A3FB9E8235309200045D9E5 /* LongestCommonSubstring_v2.cpp */ = {isa = PBXFileReference; lastKnownFileType = sourcecode.cpp.cpp; path = LongestCommonSubstring_v2.cpp; sourceTree = "<group>"; };
		3A3FB9EA2355E5940045D9E5 /* 62_v1.cpp */ = {isa = PBXFileReference; lastKnownFileType = sourcecode.cpp.cpp; path = 62_v1.cpp; sourceTree = "<group>"; };
		3A3FB9EC2355E9A60045D9E5 /* 62_v2.cpp */ = {isa = PBXFileReference; lastKnownFileType = sourcecode.cpp.cpp; path = 62_v2.cpp; sourceTree = "<group>"; };
		3A3FB9EE2355FA350045D9E5 /* 63_v1.cpp */ = {isa = PBXFileReference; lastKnownFileType = sourcecode.cpp.cpp; path = 63_v1.cpp; sourceTree = "<group>"; };
		3A3FB9F0235619110045D9E5 /* 64_v1.cpp */ = {isa = PBXFileReference; lastKnownFileType = sourcecode.cpp.cpp; path = 64_v1.cpp; sourceTree = "<group>"; };
		3A58D5E2230534960033F424 /* leetcode */ = {isa = PBXFileReference; explicitFileType = "compiled.mach-o.executable"; includeInIndex = 0; path = leetcode; sourceTree = BUILT_PRODUCTS_DIR; };
		3A58D5E5230534960033F424 /* main.cpp */ = {isa = PBXFileReference; lastKnownFileType = sourcecode.cpp.cpp; path = main.cpp; sourceTree = "<group>"; };
		3A58D5ED230535070033F424 /* 1_array_v1.cpp */ = {isa = PBXFileReference; lastKnownFileType = sourcecode.cpp.cpp; path = 1_array_v1.cpp; sourceTree = "<group>"; };
		3A58D5F5230952F10033F424 /* 1_array_v2.cpp */ = {isa = PBXFileReference; lastKnownFileType = sourcecode.cpp.cpp; path = 1_array_v2.cpp; sourceTree = "<group>"; };
		3A58D5F7230960AB0033F424 /* 4_array_v1.cpp */ = {isa = PBXFileReference; lastKnownFileType = sourcecode.cpp.cpp; path = 4_array_v1.cpp; sourceTree = "<group>"; };
		3A58D5F9230A277D0033F424 /* 4_array_v2.cpp */ = {isa = PBXFileReference; lastKnownFileType = sourcecode.cpp.cpp; path = 4_array_v2.cpp; sourceTree = "<group>"; };
		3A58D5FB230A2DA40033F424 /* 11_array_v1.cpp */ = {isa = PBXFileReference; lastKnownFileType = sourcecode.cpp.cpp; path = 11_array_v1.cpp; sourceTree = "<group>"; };
		3A58D5FD230A30520033F424 /* 11_array_v2.cpp */ = {isa = PBXFileReference; lastKnownFileType = sourcecode.cpp.cpp; path = 11_array_v2.cpp; sourceTree = "<group>"; };
		3A58D5FF230A325A0033F424 /* 11_array_v3.cpp */ = {isa = PBXFileReference; lastKnownFileType = sourcecode.cpp.cpp; path = 11_array_v3.cpp; sourceTree = "<group>"; };
		3A58D601230A81D50033F424 /* 15_array_v1.cpp */ = {isa = PBXFileReference; lastKnownFileType = sourcecode.cpp.cpp; path = 15_array_v1.cpp; sourceTree = "<group>"; };
		3A58D603230A85E20033F424 /* 15_array_v2.cpp */ = {isa = PBXFileReference; lastKnownFileType = sourcecode.cpp.cpp; path = 15_array_v2.cpp; sourceTree = "<group>"; };
		3AA3FFC6230CCE1600FDF7C8 /* 16_array_v1.cpp */ = {isa = PBXFileReference; lastKnownFileType = sourcecode.cpp.cpp; path = 16_array_v1.cpp; sourceTree = "<group>"; };
		3AA3FFD0230D412F00FDF7C8 /* 18_array_v1.cpp */ = {isa = PBXFileReference; lastKnownFileType = sourcecode.cpp.cpp; path = 18_array_v1.cpp; sourceTree = "<group>"; };
		3AA3FFD2230D484400FDF7C8 /* 26_array_v1.cpp */ = {isa = PBXFileReference; lastKnownFileType = sourcecode.cpp.cpp; path = 26_array_v1.cpp; sourceTree = "<group>"; };
		3AA3FFD4230D49BD00FDF7C8 /* 27_array_v1.cpp */ = {isa = PBXFileReference; lastKnownFileType = sourcecode.cpp.cpp; path = 27_array_v1.cpp; sourceTree = "<group>"; };
		3AA3FFD6230D6C1A00FDF7C8 /* 27_array_v2.cpp */ = {isa = PBXFileReference; lastKnownFileType = sourcecode.cpp.cpp; path = 27_array_v2.cpp; sourceTree = "<group>"; };
		3AA3FFDE231282A100FDF7C8 /* 31_array_v1.cpp */ = {isa = PBXFileReference; lastKnownFileType = sourcecode.cpp.cpp; path = 31_array_v1.cpp; sourceTree = "<group>"; };
		3AA3FFE0231282CB00FDF7C8 /* 33_array_v1.cpp */ = {isa = PBXFileReference; lastKnownFileType = sourcecode.cpp.cpp; path = 33_array_v1.cpp; sourceTree = "<group>"; };
		3AA3FFE22312883A00FDF7C8 /* 34_array_v1.cpp */ = {isa = PBXFileReference; lastKnownFileType = sourcecode.cpp.cpp; path = 34_array_v1.cpp; sourceTree = "<group>"; };
		3AA3FFE4231289E900FDF7C8 /* 35_array_v1.cpp */ = {isa = PBXFileReference; lastKnownFileType = sourcecode.cpp.cpp; path = 35_array_v1.cpp; sourceTree = "<group>"; };
		3AA3FFE82312DE4300FDF7C8 /* 31_array_v2.cpp */ = {isa = PBXFileReference; lastKnownFileType = sourcecode.cpp.cpp; path = 31_array_v2.cpp; sourceTree = "<group>"; };
		3AA3FFEA2315722800FDF7C8 /* 48_array_v1.cpp */ = {isa = PBXFileReference; lastKnownFileType = sourcecode.cpp.cpp; path = 48_array_v1.cpp; sourceTree = "<group>"; };
		3AA3FFEC2315757900FDF7C8 /* 53_array_v1.cpp */ = {isa = PBXFileReference; lastKnownFileType = sourcecode.cpp.cpp; path = 53_array_v1.cpp; sourceTree = "<group>"; };
		3AA3FFEE231EB58700FDF7C8 /* 55_array_v1.cpp */ = {isa = PBXFileReference; lastKnownFileType = sourcecode.cpp.cpp; path = 55_array_v1.cpp; sourceTree = "<group>"; };
		3AA3FFF0231EB6DF00FDF7C8 /* 55_array_v2.cpp */ = {isa = PBXFileReference; lastKnownFileType = sourcecode.cpp.cpp; path = 55_array_v2.cpp; sourceTree = "<group>"; };
		3AA3FFF1231EB6DF00FDF7C8 /* 55_array_v2.hpp */ = {isa = PBXFileReference; lastKnownFileType = sourcecode.cpp.h; path = 55_array_v2.hpp; sourceTree = "<group>"; };
/* End PBXFileReference section */

/* Begin PBXFrameworksBuildPhase section */
		3A58D5DF230534960033F424 /* Frameworks */ = {
			isa = PBXFrameworksBuildPhase;
			buildActionMask = 2147483647;
			files = (
			);
			runOnlyForDeploymentPostprocessing = 0;
		};
/* End PBXFrameworksBuildPhase section */

/* Begin PBXGroup section */
		3A58D5D9230534960033F424 = {
			isa = PBXGroup;
			children = (
				3A58D5E4230534960033F424 /* leetcode */,
				3A58D5E3230534960033F424 /* Products */,
			);
			sourceTree = "<group>";
		};
		3A58D5E3230534960033F424 /* Products */ = {
			isa = PBXGroup;
			children = (
				3A58D5E2230534960033F424 /* leetcode */,
			);
			name = Products;
			sourceTree = "<group>";
		};
		3A58D5E4230534960033F424 /* leetcode */ = {
			isa = PBXGroup;
			children = (
				3A3FB9F0235619110045D9E5 /* 64_v1.cpp */,
				3A223873234A0E59000B49A9 /* 3_v1.cpp */,
				3A223875234A172C000B49A9 /* 3_v2.cpp */,
				3A3FB9E6235306F00045D9E5 /* LongestCommonSubstring_v1.cpp */,
				3A3FB9E8235309200045D9E5 /* LongestCommonSubstring_v2.cpp */,
				3A3FB9EA2355E5940045D9E5 /* 62_v1.cpp */,
				3A3FB9EC2355E9A60045D9E5 /* 62_v2.cpp */,
				3A3FB9EE2355FA350045D9E5 /* 63_v1.cpp */,
				3A58D5EC230534C40033F424 /* array */,
			);
			path = leetcode;
			sourceTree = "<group>";
		};
		3A58D5EC230534C40033F424 /* array */ = {
			isa = PBXGroup;
			children = (
				3A58D5E5230534960033F424 /* main.cpp */,
				3A58D5ED230535070033F424 /* 1_array_v1.cpp */,
				3A58D5F5230952F10033F424 /* 1_array_v2.cpp */,
				3A58D5F7230960AB0033F424 /* 4_array_v1.cpp */,
				3A58D5F9230A277D0033F424 /* 4_array_v2.cpp */,
				3A58D5FB230A2DA40033F424 /* 11_array_v1.cpp */,
				3A58D5FD230A30520033F424 /* 11_array_v2.cpp */,
				3A58D5FF230A325A0033F424 /* 11_array_v3.cpp */,
				3A58D601230A81D50033F424 /* 15_array_v1.cpp */,
				3A58D603230A85E20033F424 /* 15_array_v2.cpp */,
				3AA3FFC6230CCE1600FDF7C8 /* 16_array_v1.cpp */,
				3AA3FFD0230D412F00FDF7C8 /* 18_array_v1.cpp */,
				3AA3FFD2230D484400FDF7C8 /* 26_array_v1.cpp */,
				3AA3FFD4230D49BD00FDF7C8 /* 27_array_v1.cpp */,
				3AA3FFD6230D6C1A00FDF7C8 /* 27_array_v2.cpp */,
				3AA3FFDE231282A100FDF7C8 /* 31_array_v1.cpp */,
				3AA3FFE22312883A00FDF7C8 /* 34_array_v1.cpp */,
				3AA3FFE4231289E900FDF7C8 /* 35_array_v1.cpp */,
				3AA3FFE82312DE4300FDF7C8 /* 31_array_v2.cpp */,
				3AA3FFEA2315722800FDF7C8 /* 48_array_v1.cpp */,
				3AA3FFEC2315757900FDF7C8 /* 53_array_v1.cpp */,
				3AA3FFE0231282CB00FDF7C8 /* 33_array_v1.cpp */,
				3AA3FFEE231EB58700FDF7C8 /* 55_array_v1.cpp */,
				3AA3FFF0231EB6DF00FDF7C8 /* 55_array_v2.cpp */,
				3AA3FFF1231EB6DF00FDF7C8 /* 55_array_v2.hpp */,
			);
			path = array;
			sourceTree = "<group>";
		};
/* End PBXGroup section */

/* Begin PBXNativeTarget section */
		3A58D5E1230534960033F424 /* leetcode */ = {
			isa = PBXNativeTarget;
			buildConfigurationList = 3A58D5E9230534960033F424 /* Build configuration list for PBXNativeTarget "leetcode" */;
			buildPhases = (
				3A58D5DE230534960033F424 /* Sources */,
				3A58D5DF230534960033F424 /* Frameworks */,
				3A58D5E0230534960033F424 /* CopyFiles */,
			);
			buildRules = (
			);
			dependencies = (
			);
			name = leetcode;
			productName = leetcode;
			productReference = 3A58D5E2230534960033F424 /* leetcode */;
			productType = "com.apple.product-type.tool";
		};
/* End PBXNativeTarget section */

/* Begin PBXProject section */
		3A58D5DA230534960033F424 /* Project object */ = {
			isa = PBXProject;
			attributes = {
				LastUpgradeCheck = 1030;
				ORGANIZATIONNAME = "李庆文";
				TargetAttributes = {
					3A58D5E1230534960033F424 = {
						CreatedOnToolsVersion = 10.3;
					};
				};
			};
			buildConfigurationList = 3A58D5DD230534960033F424 /* Build configuration list for PBXProject "leetcode" */;
			compatibilityVersion = "Xcode 9.3";
			developmentRegion = en;
			hasScannedForEncodings = 0;
			knownRegions = (
				en,
			);
			mainGroup = 3A58D5D9230534960033F424;
			productRefGroup = 3A58D5E3230534960033F424 /* Products */;
			projectDirPath = "";
			projectRoot = "";
			targets = (
				3A58D5E1230534960033F424 /* leetcode */,
			);
		};
/* End PBXProject section */

/* Begin PBXSourcesBuildPhase section */
		3A58D5DE230534960033F424 /* Sources */ = {
			isa = PBXSourcesBuildPhase;
			buildActionMask = 2147483647;
			files = (
				3A58D600230A325A0033F424 /* 11_array_v3.cpp in Sources */,
				3A58D5F6230952F10033F424 /* 1_array_v2.cpp in Sources */,
				3AA3FFEF231EB58700FDF7C8 /* 55_array_v1.cpp in Sources */,
				3AA3FFC7230CCE1600FDF7C8 /* 16_array_v1.cpp in Sources */,
				3A58D5E6230534960033F424 /* main.cpp in Sources */,
				3A58D5FC230A2DA40033F424 /* 11_array_v1.cpp in Sources */,
				3AA3FFE92312DE4300FDF7C8 /* 31_array_v2.cpp in Sources */,
				3A3FB9E7235306F00045D9E5 /* LongestCommonSubstring_v1.cpp in Sources */,
				3AA3FFF2231EB6DF00FDF7C8 /* 55_array_v2.cpp in Sources */,
				3AA3FFD5230D49BD00FDF7C8 /* 27_array_v1.cpp in Sources */,
				3A3FB9F1235619110045D9E5 /* 64_v1.cpp in Sources */,
				3AA3FFD1230D412F00FDF7C8 /* 18_array_v1.cpp in Sources */,
				3A58D602230A81D50033F424 /* 15_array_v1.cpp in Sources */,
				3AA3FFDF231282A100FDF7C8 /* 31_array_v1.cpp in Sources */,
				3AA3FFE32312883A00FDF7C8 /* 34_array_v1.cpp in Sources */,
				3A58D5FA230A277D0033F424 /* 4_array_v2.cpp in Sources */,
				3A223874234A0E59000B49A9 /* 3_v1.cpp in Sources */,
				3A3FB9EB2355E5940045D9E5 /* 62_v1.cpp in Sources */,
				3A58D5EE230535070033F424 /* 1_array_v1.cpp in Sources */,
				3AA3FFE5231289E900FDF7C8 /* 35_array_v1.cpp in Sources */,
				3A223876234A172D000B49A9 /* 3_v2.cpp in Sources */,
				3A3FB9E9235309200045D9E5 /* LongestCommonSubstring_v2.cpp in Sources */,
				3AA3FFEB2315722800FDF7C8 /* 48_array_v1.cpp in Sources */,
				3A3FB9EF2355FA350045D9E5 /* 63_v1.cpp in Sources */,
				3A58D5FE230A30520033F424 /* 11_array_v2.cpp in Sources */,
				3AA3FFE1231282CB00FDF7C8 /* 33_array_v1.cpp in Sources */,
				3AA3FFD7230D6C1A00FDF7C8 /* 27_array_v2.cpp in Sources */,
				3AA3FFED2315757900FDF7C8 /* 53_array_v1.cpp in Sources */,
				3A58D5F8230960AB0033F424 /* 4_array_v1.cpp in Sources */,
				3A58D604230A85E20033F424 /* 15_array_v2.cpp in Sources */,
				3AA3FFD3230D484400FDF7C8 /* 26_array_v1.cpp in Sources */,
				3A3FB9ED2355E9A60045D9E5 /* 62_v2.cpp in Sources */,
			);
			runOnlyForDeploymentPostprocessing = 0;
		};
/* End PBXSourcesBuildPhase section */

/* Begin XCBuildConfiguration section */
		3A58D5E7230534960033F424 /* Debug */ = {
			isa = XCBuildConfiguration;
			buildSettings = {
				ALWAYS_SEARCH_USER_PATHS = NO;
				CLANG_ANALYZER_NONNULL = YES;
				CLANG_ANALYZER_NUMBER_OBJECT_CONVERSION = YES_AGGRESSIVE;
				CLANG_CXX_LANGUAGE_STANDARD = "gnu++14";
				CLANG_CXX_LIBRARY = "libc++";
				CLANG_ENABLE_MODULES = YES;
				CLANG_ENABLE_OBJC_ARC = YES;
				CLANG_ENABLE_OBJC_WEAK = YES;
				CLANG_WARN_BLOCK_CAPTURE_AUTORELEASING = YES;
				CLANG_WARN_BOOL_CONVERSION = YES;
				CLANG_WARN_COMMA = YES;
				CLANG_WARN_CONSTANT_CONVERSION = YES;
				CLANG_WARN_DEPRECATED_OBJC_IMPLEMENTATIONS = YES;
				CLANG_WARN_DIRECT_OBJC_ISA_USAGE = YES_ERROR;
				CLANG_WARN_DOCUMENTATION_COMMENTS = YES;
				CLANG_WARN_EMPTY_BODY = YES;
				CLANG_WARN_ENUM_CONVERSION = YES;
				CLANG_WARN_INFINITE_RECURSION = YES;
				CLANG_WARN_INT_CONVERSION = YES;
				CLANG_WARN_NON_LITERAL_NULL_CONVERSION = YES;
				CLANG_WARN_OBJC_IMPLICIT_RETAIN_SELF = YES;
				CLANG_WARN_OBJC_LITERAL_CONVERSION = YES;
				CLANG_WARN_OBJC_ROOT_CLASS = YES_ERROR;
				CLANG_WARN_RANGE_LOOP_ANALYSIS = YES;
				CLANG_WARN_STRICT_PROTOTYPES = YES;
				CLANG_WARN_SUSPICIOUS_MOVE = YES;
				CLANG_WARN_UNGUARDED_AVAILABILITY = YES_AGGRESSIVE;
				CLANG_WARN_UNREACHABLE_CODE = YES;
				CLANG_WARN__DUPLICATE_METHOD_MATCH = YES;
				CODE_SIGN_IDENTITY = "-";
				COPY_PHASE_STRIP = NO;
				DEBUG_INFORMATION_FORMAT = dwarf;
				ENABLE_STRICT_OBJC_MSGSEND = YES;
				ENABLE_TESTABILITY = YES;
				GCC_C_LANGUAGE_STANDARD = gnu11;
				GCC_DYNAMIC_NO_PIC = NO;
				GCC_NO_COMMON_BLOCKS = YES;
				GCC_OPTIMIZATION_LEVEL = 0;
				GCC_PREPROCESSOR_DEFINITIONS = (
					"DEBUG=1",
					"$(inherited)",
				);
				GCC_WARN_64_TO_32_BIT_CONVERSION = YES;
				GCC_WARN_ABOUT_RETURN_TYPE = YES_ERROR;
				GCC_WARN_UNDECLARED_SELECTOR = YES;
				GCC_WARN_UNINITIALIZED_AUTOS = YES_AGGRESSIVE;
				GCC_WARN_UNUSED_FUNCTION = YES;
				GCC_WARN_UNUSED_VARIABLE = YES;
				MACOSX_DEPLOYMENT_TARGET = 10.14;
				MTL_ENABLE_DEBUG_INFO = INCLUDE_SOURCE;
				MTL_FAST_MATH = YES;
				ONLY_ACTIVE_ARCH = YES;
				SDKROOT = macosx;
			};
			name = Debug;
		};
		3A58D5E8230534960033F424 /* Release */ = {
			isa = XCBuildConfiguration;
			buildSettings = {
				ALWAYS_SEARCH_USER_PATHS = NO;
				CLANG_ANALYZER_NONNULL = YES;
				CLANG_ANALYZER_NUMBER_OBJECT_CONVERSION = YES_AGGRESSIVE;
				CLANG_CXX_LANGUAGE_STANDARD = "gnu++14";
				CLANG_CXX_LIBRARY = "libc++";
				CLANG_ENABLE_MODULES = YES;
				CLANG_ENABLE_OBJC_ARC = YES;
				CLANG_ENABLE_OBJC_WEAK = YES;
				CLANG_WARN_BLOCK_CAPTURE_AUTORELEASING = YES;
				CLANG_WARN_BOOL_CONVERSION = YES;
				CLANG_WARN_COMMA = YES;
				CLANG_WARN_CONSTANT_CONVERSION = YES;
				CLANG_WARN_DEPRECATED_OBJC_IMPLEMENTATIONS = YES;
				CLANG_WARN_DIRECT_OBJC_ISA_USAGE = YES_ERROR;
				CLANG_WARN_DOCUMENTATION_COMMENTS = YES;
				CLANG_WARN_EMPTY_BODY = YES;
				CLANG_WARN_ENUM_CONVERSION = YES;
				CLANG_WARN_INFINITE_RECURSION = YES;
				CLANG_WARN_INT_CONVERSION = YES;
				CLANG_WARN_NON_LITERAL_NULL_CONVERSION = YES;
				CLANG_WARN_OBJC_IMPLICIT_RETAIN_SELF = YES;
				CLANG_WARN_OBJC_LITERAL_CONVERSION = YES;
				CLANG_WARN_OBJC_ROOT_CLASS = YES_ERROR;
				CLANG_WARN_RANGE_LOOP_ANALYSIS = YES;
				CLANG_WARN_STRICT_PROTOTYPES = YES;
				CLANG_WARN_SUSPICIOUS_MOVE = YES;
				CLANG_WARN_UNGUARDED_AVAILABILITY = YES_AGGRESSIVE;
				CLANG_WARN_UNREACHABLE_CODE = YES;
				CLANG_WARN__DUPLICATE_METHOD_MATCH = YES;
				CODE_SIGN_IDENTITY = "-";
				COPY_PHASE_STRIP = NO;
				DEBUG_INFORMATION_FORMAT = "dwarf-with-dsym";
				ENABLE_NS_ASSERTIONS = NO;
				ENABLE_STRICT_OBJC_MSGSEND = YES;
				GCC_C_LANGUAGE_STANDARD = gnu11;
				GCC_NO_COMMON_BLOCKS = YES;
				GCC_WARN_64_TO_32_BIT_CONVERSION = YES;
				GCC_WARN_ABOUT_RETURN_TYPE = YES_ERROR;
				GCC_WARN_UNDECLARED_SELECTOR = YES;
				GCC_WARN_UNINITIALIZED_AUTOS = YES_AGGRESSIVE;
				GCC_WARN_UNUSED_FUNCTION = YES;
				GCC_WARN_UNUSED_VARIABLE = YES;
				MACOSX_DEPLOYMENT_TARGET = 10.14;
				MTL_ENABLE_DEBUG_INFO = NO;
				MTL_FAST_MATH = YES;
				SDKROOT = macosx;
			};
			name = Release;
		};
		3A58D5EA230534960033F424 /* Debug */ = {
			isa = XCBuildConfiguration;
			buildSettings = {
				CODE_SIGN_STYLE = Automatic;
				PRODUCT_NAME = "$(TARGET_NAME)";
			};
			name = Debug;
		};
		3A58D5EB230534960033F424 /* Release */ = {
			isa = XCBuildConfiguration;
			buildSettings = {
				CODE_SIGN_STYLE = Automatic;
				PRODUCT_NAME = "$(TARGET_NAME)";
			};
			name = Release;
		};
/* End XCBuildConfiguration section */

/* Begin XCConfigurationList section */
		3A58D5DD230534960033F424 /* Build configuration list for PBXProject "leetcode" */ = {
			isa = XCConfigurationList;
			buildConfigurations = (
				3A58D5E7230534960033F424 /* Debug */,
				3A58D5E8230534960033F424 /* Release */,
			);
			defaultConfigurationIsVisible = 0;
			defaultConfigurationName = Release;
		};
		3A58D5E9230534960033F424 /* Build configuration list for PBXNativeTarget "leetcode" */ = {
			isa = XCConfigurationList;
			buildConfigurations = (
				3A58D5EA230534960033F424 /* Debug */,
				3A58D5EB230534960033F424 /* Release */,
			);
			defaultConfigurationIsVisible = 0;
			defaultConfigurationName = Release;
		};
/* End XCConfigurationList section */
	};
	rootObject = 3A58D5DA230534960033F424 /* Project object */;
}
