// !$*UTF8*$!
{
	archiveVersion = 1;
	classes = {
	};
	objectVersion = 50;
	objects = {

/* Begin PBXBuildFile section */
		3A223874234A0E59000B49A9 /* 3_v1.cpp in Sources */ = {isa = PBXBuildFile; fileRef = 3A223873234A0E59000B49A9 /* 3_v1.cpp */; };
		3A223876234A172D000B49A9 /* 3_v2.cpp in Sources */ = {isa = PBXBuildFile; fileRef = 3A223875234A172C000B49A9 /* 3_v2.cpp */; };
		3A22F5E1236C82DB008EE812 /* 621_v1.cpp in Sources */ = {isa = PBXBuildFile; fileRef = 3A22F5E0236C82DB008EE812 /* 621_v1.cpp */; };
		3A22F5E3236C86A4008EE812 /* 621_v2.cpp in Sources */ = {isa = PBXBuildFile; fileRef = 3A22F5E2236C86A4008EE812 /* 621_v2.cpp */; };
		3A22F5E523707653008EE812 /* 316_v1.cpp in Sources */ = {isa = PBXBuildFile; fileRef = 3A22F5E423707653008EE812 /* 316_v1.cpp */; };
		3A22F5E723727875008EE812 /* 81_v1.cpp in Sources */ = {isa = PBXBuildFile; fileRef = 3A22F5E623727875008EE812 /* 81_v1.cpp */; };
		3A322F5D238D797F008F078A /* 98_v1.cpp in Sources */ = {isa = PBXBuildFile; fileRef = 3A322F5C238D797F008F078A /* 98_v1.cpp */; };
		3A322F5F238D7E39008F078A /* 98_v2.cpp in Sources */ = {isa = PBXBuildFile; fileRef = 3A322F5E238D7E39008F078A /* 98_v2.cpp */; };
		3A322F61238E6ED2008F078A /* 99_v1.cpp in Sources */ = {isa = PBXBuildFile; fileRef = 3A322F60238E6ED2008F078A /* 99_v1.cpp */; };
		3A322F63238E7077008F078A /* 100_v1.cpp in Sources */ = {isa = PBXBuildFile; fileRef = 3A322F62238E7077008F078A /* 100_v1.cpp */; };
		3A322F65238E7279008F078A /* 100_v2.cpp in Sources */ = {isa = PBXBuildFile; fileRef = 3A322F64238E7279008F078A /* 100_v2.cpp */; };
		3A322F67238E7536008F078A /* 101_v1.cpp in Sources */ = {isa = PBXBuildFile; fileRef = 3A322F66238E7536008F078A /* 101_v1.cpp */; };
		3A322F69238E788F008F078A /* 104_v1.cpp in Sources */ = {isa = PBXBuildFile; fileRef = 3A322F68238E788F008F078A /* 104_v1.cpp */; };
		3A322F6B238E8406008F078A /* 108_v1.cpp in Sources */ = {isa = PBXBuildFile; fileRef = 3A322F6A238E8406008F078A /* 108_v1.cpp */; };
		3A322F6D238E9BE6008F078A /* 109_v1.cpp in Sources */ = {isa = PBXBuildFile; fileRef = 3A322F6C238E9BE6008F078A /* 109_v1.cpp */; };
		3A322F6F238E9F0D008F078A /* 110_v1.cpp in Sources */ = {isa = PBXBuildFile; fileRef = 3A322F6E238E9F0D008F078A /* 110_v1.cpp */; };
		3A3887F6237BE0F2009EADFB /* 765_v1.cpp in Sources */ = {isa = PBXBuildFile; fileRef = 3A3887F5237BE0F2009EADFB /* 765_v1.cpp */; };
		3A3887F8237C1F83009EADFB /* 861_v1.cpp in Sources */ = {isa = PBXBuildFile; fileRef = 3A3887F7237C1F83009EADFB /* 861_v1.cpp */; };
		3A3887FB237CF064009EADFB /* 870_v1.cpp in Sources */ = {isa = PBXBuildFile; fileRef = 3A3887F9237CF063009EADFB /* 870_v1.cpp */; };
		3A3887FD2382EC3E009EADFB /* 874_v1.cpp in Sources */ = {isa = PBXBuildFile; fileRef = 3A3887FC2382EC3E009EADFB /* 874_v1.cpp */; };
		3A3887FF2382EDE0009EADFB /* 874_v2.cpp in Sources */ = {isa = PBXBuildFile; fileRef = 3A3887FE2382EDE0009EADFB /* 874_v2.cpp */; };
		3A38880123838839009EADFB /* 881_v1.cpp in Sources */ = {isa = PBXBuildFile; fileRef = 3A38880023838839009EADFB /* 881_v1.cpp */; };
		3A38880323839BF6009EADFB /* 910_v1.cpp in Sources */ = {isa = PBXBuildFile; fileRef = 3A38880223839BF6009EADFB /* 910_v1.cpp */; };
		3A3888052383A029009EADFB /* 970_v1.cpp in Sources */ = {isa = PBXBuildFile; fileRef = 3A3888042383A029009EADFB /* 970_v1.cpp */; };
		3A3888072383A19E009EADFB /* 970_v2.cpp in Sources */ = {isa = PBXBuildFile; fileRef = 3A3888062383A19E009EADFB /* 970_v2.cpp */; };
		3A3888092383EE5B009EADFB /* 1217_v1.cpp in Sources */ = {isa = PBXBuildFile; fileRef = 3A3888082383EE5B009EADFB /* 1217_v1.cpp */; };
		3A3FB9E7235306F00045D9E5 /* LongestCommonSubstring_v1.cpp in Sources */ = {isa = PBXBuildFile; fileRef = 3A3FB9E6235306F00045D9E5 /* LongestCommonSubstring_v1.cpp */; };
		3A3FB9E9235309200045D9E5 /* LongestCommonSubstring_v2.cpp in Sources */ = {isa = PBXBuildFile; fileRef = 3A3FB9E8235309200045D9E5 /* LongestCommonSubstring_v2.cpp */; };
		3A3FB9EB2355E5940045D9E5 /* 62_v1.cpp in Sources */ = {isa = PBXBuildFile; fileRef = 3A3FB9EA2355E5940045D9E5 /* 62_v1.cpp */; };
		3A3FB9ED2355E9A60045D9E5 /* 62_v2.cpp in Sources */ = {isa = PBXBuildFile; fileRef = 3A3FB9EC2355E9A60045D9E5 /* 62_v2.cpp */; };
		3A3FB9EF2355FA350045D9E5 /* 63_v1.cpp in Sources */ = {isa = PBXBuildFile; fileRef = 3A3FB9EE2355FA350045D9E5 /* 63_v1.cpp */; };
		3A3FB9F1235619110045D9E5 /* 64_v1.cpp in Sources */ = {isa = PBXBuildFile; fileRef = 3A3FB9F0235619110045D9E5 /* 64_v1.cpp */; };
		3A3FB9F32358AF690045D9E5 /* 44_v1.cpp in Sources */ = {isa = PBXBuildFile; fileRef = 3A3FB9F22358AF690045D9E5 /* 44_v1.cpp */; };
		3A3FB9F52358AFB40045D9E5 /* 32_v1.cpp in Sources */ = {isa = PBXBuildFile; fileRef = 3A3FB9F42358AFB40045D9E5 /* 32_v1.cpp */; };
		3A3FB9F72358C4690045D9E5 /* 58_v1.cpp in Sources */ = {isa = PBXBuildFile; fileRef = 3A3FB9F62358C4690045D9E5 /* 58_v1.cpp */; };
		3A3FB9FB235B46680045D9E5 /* 19FFlattening.cpp in Sources */ = {isa = PBXBuildFile; fileRef = 3A3FB9FA235B46680045D9E5 /* 19FFlattening.cpp */; };
		3A3FBA182361C5240045D9E5 /* 121_v1.cpp in Sources */ = {isa = PBXBuildFile; fileRef = 3A3FBA172361C5240045D9E5 /* 121_v1.cpp */; };
		3A3FBA1A2361C65A0045D9E5 /* 121_v2.cpp in Sources */ = {isa = PBXBuildFile; fileRef = 3A3FBA192361C65A0045D9E5 /* 121_v2.cpp */; };
		3A3FBA1C2369D0010045D9E5 /* 134_v1.cpp in Sources */ = {isa = PBXBuildFile; fileRef = 3A3FBA1B2369D0010045D9E5 /* 134_v1.cpp */; };
		3A3FBA1E2369D0F60045D9E5 /* 134_v2.cpp in Sources */ = {isa = PBXBuildFile; fileRef = 3A3FBA1D2369D0F60045D9E5 /* 134_v2.cpp */; };
		3A3FBA202369D3ED0045D9E5 /* 134_v3.cpp in Sources */ = {isa = PBXBuildFile; fileRef = 3A3FBA1F2369D3ED0045D9E5 /* 134_v3.cpp */; };
		3A3FBA222369D4E40045D9E5 /* 134_v4.cpp in Sources */ = {isa = PBXBuildFile; fileRef = 3A3FBA212369D4E40045D9E5 /* 134_v4.cpp */; };
		3A3FBA242369E0F50045D9E5 /* 135_v1.cpp in Sources */ = {isa = PBXBuildFile; fileRef = 3A3FBA232369E0F50045D9E5 /* 135_v1.cpp */; };
		3A412D8D2386D3380093A60A /* 49_v1.cpp in Sources */ = {isa = PBXBuildFile; fileRef = 3A412D8C2386D3380093A60A /* 49_v1.cpp */; };
		3A412D8F2386D4CB0093A60A /* 49_v2.cpp in Sources */ = {isa = PBXBuildFile; fileRef = 3A412D8E2386D4CB0093A60A /* 49_v2.cpp */; };
		3A412D912386D5A50093A60A /* 136_v1.cpp in Sources */ = {isa = PBXBuildFile; fileRef = 3A412D902386D5A50093A60A /* 136_v1.cpp */; };
		3A412D932386D6DB0093A60A /* 136_v2.cpp in Sources */ = {isa = PBXBuildFile; fileRef = 3A412D922386D6DB0093A60A /* 136_v2.cpp */; };
		3A412D952386DADF0093A60A /* 94_v1.cpp in Sources */ = {isa = PBXBuildFile; fileRef = 3A412D942386DADF0093A60A /* 94_v1.cpp */; };
		3A412D972386DCE90093A60A /* 94_v2.cpp in Sources */ = {isa = PBXBuildFile; fileRef = 3A412D962386DCE90093A60A /* 94_v2.cpp */; };
		3A412D99238915AC0093A60A /* 202_v1.cpp in Sources */ = {isa = PBXBuildFile; fileRef = 3A412D98238915AC0093A60A /* 202_v1.cpp */; };
		3A58D5E6230534960033F424 /* main.cpp in Sources */ = {isa = PBXBuildFile; fileRef = 3A58D5E5230534960033F424 /* main.cpp */; };
		3A58D5EE230535070033F424 /* 1_array_v1.cpp in Sources */ = {isa = PBXBuildFile; fileRef = 3A58D5ED230535070033F424 /* 1_array_v1.cpp */; };
		3A58D5F6230952F10033F424 /* 1_array_v2.cpp in Sources */ = {isa = PBXBuildFile; fileRef = 3A58D5F5230952F10033F424 /* 1_array_v2.cpp */; };
		3A58D5F8230960AB0033F424 /* 4_array_v1.cpp in Sources */ = {isa = PBXBuildFile; fileRef = 3A58D5F7230960AB0033F424 /* 4_array_v1.cpp */; };
		3A58D5FA230A277D0033F424 /* 4_array_v2.cpp in Sources */ = {isa = PBXBuildFile; fileRef = 3A58D5F9230A277D0033F424 /* 4_array_v2.cpp */; };
		3A58D5FC230A2DA40033F424 /* 11_array_v1.cpp in Sources */ = {isa = PBXBuildFile; fileRef = 3A58D5FB230A2DA40033F424 /* 11_array_v1.cpp */; };
		3A58D5FE230A30520033F424 /* 11_array_v2.cpp in Sources */ = {isa = PBXBuildFile; fileRef = 3A58D5FD230A30520033F424 /* 11_array_v2.cpp */; };
		3A58D600230A325A0033F424 /* 11_array_v3.cpp in Sources */ = {isa = PBXBuildFile; fileRef = 3A58D5FF230A325A0033F424 /* 11_array_v3.cpp */; };
		3A58D602230A81D50033F424 /* 15_array_v1.cpp in Sources */ = {isa = PBXBuildFile; fileRef = 3A58D601230A81D50033F424 /* 15_array_v1.cpp */; };
		3A58D604230A85E20033F424 /* 15_array_v2.cpp in Sources */ = {isa = PBXBuildFile; fileRef = 3A58D603230A85E20033F424 /* 15_array_v2.cpp */; };
		3A62A755238ECBF100ACD0B3 /* 105_v1.cpp in Sources */ = {isa = PBXBuildFile; fileRef = 3A62A754238ECBF100ACD0B3 /* 105_v1.cpp */; };
		3A62A757238F7AB900ACD0B3 /* 106_v1.cpp in Sources */ = {isa = PBXBuildFile; fileRef = 3A62A756238F7AB900ACD0B3 /* 106_v1.cpp */; };
		3A62A759238F986900ACD0B3 /* 102_v1.cpp in Sources */ = {isa = PBXBuildFile; fileRef = 3A62A758238F986900ACD0B3 /* 102_v1.cpp */; };
		3A62A75B238FAEB900ACD0B3 /* 103_v1.cpp in Sources */ = {isa = PBXBuildFile; fileRef = 3A62A75A238FAEB900ACD0B3 /* 103_v1.cpp */; };
		3A62A75D238FB1A200ACD0B3 /* 111_v1.cpp in Sources */ = {isa = PBXBuildFile; fileRef = 3A62A75C238FB1A200ACD0B3 /* 111_v1.cpp */; };
		3A62A75F238FB1E000ACD0B3 /* 107_v1.cpp in Sources */ = {isa = PBXBuildFile; fileRef = 3A62A75E238FB1E000ACD0B3 /* 107_v1.cpp */; };
		3A62A761238FE56B00ACD0B3 /* 127_v1.cpp in Sources */ = {isa = PBXBuildFile; fileRef = 3A62A760238FE56B00ACD0B3 /* 127_v1.cpp */; };
		3A62A763239276BF00ACD0B3 /* 342_v1.cpp in Sources */ = {isa = PBXBuildFile; fileRef = 3A62A762239276BF00ACD0B3 /* 342_v1.cpp */; };
		3A62A765239277F800ACD0B3 /* 342_v2.cpp in Sources */ = {isa = PBXBuildFile; fileRef = 3A62A764239277F800ACD0B3 /* 342_v2.cpp */; };
		3A62A767239287D100ACD0B3 /* 342_v3.cpp in Sources */ = {isa = PBXBuildFile; fileRef = 3A62A766239287D100ACD0B3 /* 342_v3.cpp */; };
		3A62A7692392884500ACD0B3 /* 342_v4.cpp in Sources */ = {isa = PBXBuildFile; fileRef = 3A62A7682392884500ACD0B3 /* 342_v4.cpp */; };
		3A62A76B2392896300ACD0B3 /* 231_v1.cpp in Sources */ = {isa = PBXBuildFile; fileRef = 3A62A76A2392896300ACD0B3 /* 231_v1.cpp */; };
		3A62A76D23928A1200ACD0B3 /* 231_v2.cpp in Sources */ = {isa = PBXBuildFile; fileRef = 3A62A76C23928A1200ACD0B3 /* 231_v2.cpp */; };
		3A62A76F23928B1600ACD0B3 /* 326_v1.cpp in Sources */ = {isa = PBXBuildFile; fileRef = 3A62A76E23928B1600ACD0B3 /* 326_v1.cpp */; };
		3A62A77123928B5B00ACD0B3 /* 326_v2.cpp in Sources */ = {isa = PBXBuildFile; fileRef = 3A62A77023928B5B00ACD0B3 /* 326_v2.cpp */; };
		3A62A77323928BE400ACD0B3 /* 326_v3.cpp in Sources */ = {isa = PBXBuildFile; fileRef = 3A62A77223928BE400ACD0B3 /* 326_v3.cpp */; };
		3A7AB2612375BD1D007F2EE4 /* 67_v1.cpp in Sources */ = {isa = PBXBuildFile; fileRef = 3A7AB2602375BD1D007F2EE4 /* 67_v1.cpp */; };
		3A7AB26323769C13007F2EE4 /* 330_v1.cpp in Sources */ = {isa = PBXBuildFile; fileRef = 3A7AB26223769C13007F2EE4 /* 330_v1.cpp */; };
		3A7AB2652376AEBC007F2EE4 /* 330_v2.cpp in Sources */ = {isa = PBXBuildFile; fileRef = 3A7AB2642376AEBC007F2EE4 /* 330_v2.cpp */; };
		3A7AB2672376BBC4007F2EE4 /* 376_v1.cpp in Sources */ = {isa = PBXBuildFile; fileRef = 3A7AB2662376BBC4007F2EE4 /* 376_v1.cpp */; };
		3A7AB26923796F26007F2EE4 /* 406_v1.cpp in Sources */ = {isa = PBXBuildFile; fileRef = 3A7AB26823796F26007F2EE4 /* 406_v1.cpp */; };
		3A7AB26B237971AE007F2EE4 /* 406_v2.cpp in Sources */ = {isa = PBXBuildFile; fileRef = 3A7AB26A237971AE007F2EE4 /* 406_v2.cpp */; };
		3A7AB26D2379765E007F2EE4 /* 406_v3.cpp in Sources */ = {isa = PBXBuildFile; fileRef = 3A7AB26C2379765E007F2EE4 /* 406_v3.cpp */; };
		3A7AB26F23797752007F2EE4 /* 406_v4.cpp in Sources */ = {isa = PBXBuildFile; fileRef = 3A7AB26E23797752007F2EE4 /* 406_v4.cpp */; };
		3A7AB271237AA664007F2EE4 /* 435_v1.cpp in Sources */ = {isa = PBXBuildFile; fileRef = 3A7AB270237AA664007F2EE4 /* 435_v1.cpp */; };
		3A7AB273237AAE6A007F2EE4 /* 452_v1.cpp in Sources */ = {isa = PBXBuildFile; fileRef = 3A7AB272237AAE6A007F2EE4 /* 452_v1.cpp */; };
		3A7AB275237AB019007F2EE4 /* 452_v2.cpp in Sources */ = {isa = PBXBuildFile; fileRef = 3A7AB274237AB019007F2EE4 /* 452_v2.cpp */; };
		3A7AB277237AD77A007F2EE4 /* 1108_v1.cpp in Sources */ = {isa = PBXBuildFile; fileRef = 3A7AB276237AD77A007F2EE4 /* 1108_v1.cpp */; };
		3A7AB279237AD980007F2EE4 /* 709_v1.cpp in Sources */ = {isa = PBXBuildFile; fileRef = 3A7AB278237AD980007F2EE4 /* 709_v1.cpp */; };
		3A7AB27B237AE73E007F2EE4 /* 929_v1.cpp in Sources */ = {isa = PBXBuildFile; fileRef = 3A7AB27A237AE73E007F2EE4 /* 929_v1.cpp */; };
		3A7AB27D237AF0AC007F2EE4 /* 1189_v1.cpp in Sources */ = {isa = PBXBuildFile; fileRef = 3A7AB27C237AF0AC007F2EE4 /* 1189_v1.cpp */; };
		3A7AB27F237AF19D007F2EE4 /* 344_v1.cpp in Sources */ = {isa = PBXBuildFile; fileRef = 3A7AB27E237AF19D007F2EE4 /* 344_v1.cpp */; };
		3A7AB281237AF2C1007F2EE4 /* 75_v1.cpp in Sources */ = {isa = PBXBuildFile; fileRef = 3A7AB280237AF2C1007F2EE4 /* 75_v1.cpp */; };
		3A7AB283237AF37D007F2EE4 /* 75_v2.cpp in Sources */ = {isa = PBXBuildFile; fileRef = 3A7AB282237AF37D007F2EE4 /* 75_v2.cpp */; };
		3A7AB285237AFF11007F2EE4 /* 71_v1.cpp in Sources */ = {isa = PBXBuildFile; fileRef = 3A7AB284237AFF11007F2EE4 /* 71_v1.cpp */; };
		3AA3FFC7230CCE1600FDF7C8 /* 16_array_v1.cpp in Sources */ = {isa = PBXBuildFile; fileRef = 3AA3FFC6230CCE1600FDF7C8 /* 16_array_v1.cpp */; };
		3AA3FFD1230D412F00FDF7C8 /* 18_array_v1.cpp in Sources */ = {isa = PBXBuildFile; fileRef = 3AA3FFD0230D412F00FDF7C8 /* 18_array_v1.cpp */; };
		3AA3FFD3230D484400FDF7C8 /* 26_array_v1.cpp in Sources */ = {isa = PBXBuildFile; fileRef = 3AA3FFD2230D484400FDF7C8 /* 26_array_v1.cpp */; };
		3AA3FFD5230D49BD00FDF7C8 /* 27_array_v1.cpp in Sources */ = {isa = PBXBuildFile; fileRef = 3AA3FFD4230D49BD00FDF7C8 /* 27_array_v1.cpp */; };
		3AA3FFD7230D6C1A00FDF7C8 /* 27_array_v2.cpp in Sources */ = {isa = PBXBuildFile; fileRef = 3AA3FFD6230D6C1A00FDF7C8 /* 27_array_v2.cpp */; };
		3AA3FFDF231282A100FDF7C8 /* 31_array_v1.cpp in Sources */ = {isa = PBXBuildFile; fileRef = 3AA3FFDE231282A100FDF7C8 /* 31_array_v1.cpp */; };
		3AA3FFE1231282CB00FDF7C8 /* 33_array_v1.cpp in Sources */ = {isa = PBXBuildFile; fileRef = 3AA3FFE0231282CB00FDF7C8 /* 33_array_v1.cpp */; };
		3AA3FFE32312883A00FDF7C8 /* 34_array_v1.cpp in Sources */ = {isa = PBXBuildFile; fileRef = 3AA3FFE22312883A00FDF7C8 /* 34_array_v1.cpp */; };
		3AA3FFE5231289E900FDF7C8 /* 35_array_v1.cpp in Sources */ = {isa = PBXBuildFile; fileRef = 3AA3FFE4231289E900FDF7C8 /* 35_array_v1.cpp */; };
		3AA3FFE92312DE4300FDF7C8 /* 31_array_v2.cpp in Sources */ = {isa = PBXBuildFile; fileRef = 3AA3FFE82312DE4300FDF7C8 /* 31_array_v2.cpp */; };
		3AA3FFEB2315722800FDF7C8 /* 48_array_v1.cpp in Sources */ = {isa = PBXBuildFile; fileRef = 3AA3FFEA2315722800FDF7C8 /* 48_array_v1.cpp */; };
		3AA3FFED2315757900FDF7C8 /* 53_array_v1.cpp in Sources */ = {isa = PBXBuildFile; fileRef = 3AA3FFEC2315757900FDF7C8 /* 53_array_v1.cpp */; };
		3AA3FFEF231EB58700FDF7C8 /* 55_array_v1.cpp in Sources */ = {isa = PBXBuildFile; fileRef = 3AA3FFEE231EB58700FDF7C8 /* 55_array_v1.cpp */; };
		3AA3FFF2231EB6DF00FDF7C8 /* 55_array_v2.cpp in Sources */ = {isa = PBXBuildFile; fileRef = 3AA3FFF0231EB6DF00FDF7C8 /* 55_array_v2.cpp */; };
/* End PBXBuildFile section */

/* Begin PBXCopyFilesBuildPhase section */
		3A58D5E0230534960033F424 /* CopyFiles */ = {
			isa = PBXCopyFilesBuildPhase;
			buildActionMask = 2147483647;
			dstPath = /usr/share/man/man1/;
			dstSubfolderSpec = 0;
			files = (
			);
			runOnlyForDeploymentPostprocessing = 1;
		};
/* End PBXCopyFilesBuildPhase section */

/* Begin PBXFileReference section */
		3A223873234A0E59000B49A9 /* 3_v1.cpp */ = {isa = PBXFileReference; lastKnownFileType = sourcecode.cpp.cpp; path = 3_v1.cpp; sourceTree = "<group>"; };
		3A223875234A172C000B49A9 /* 3_v2.cpp */ = {isa = PBXFileReference; lastKnownFileType = sourcecode.cpp.cpp; path = 3_v2.cpp; sourceTree = "<group>"; };
		3A22F5E0236C82DB008EE812 /* 621_v1.cpp */ = {isa = PBXFileReference; lastKnownFileType = sourcecode.cpp.cpp; path = 621_v1.cpp; sourceTree = "<group>"; };
		3A22F5E2236C86A4008EE812 /* 621_v2.cpp */ = {isa = PBXFileReference; lastKnownFileType = sourcecode.cpp.cpp; path = 621_v2.cpp; sourceTree = "<group>"; };
		3A22F5E423707653008EE812 /* 316_v1.cpp */ = {isa = PBXFileReference; lastKnownFileType = sourcecode.cpp.cpp; path = 316_v1.cpp; sourceTree = "<group>"; };
		3A22F5E623727875008EE812 /* 81_v1.cpp */ = {isa = PBXFileReference; lastKnownFileType = sourcecode.cpp.cpp; path = 81_v1.cpp; sourceTree = "<group>"; };
		3A322F5C238D797F008F078A /* 98_v1.cpp */ = {isa = PBXFileReference; lastKnownFileType = sourcecode.cpp.cpp; path = 98_v1.cpp; sourceTree = "<group>"; };
		3A322F5E238D7E39008F078A /* 98_v2.cpp */ = {isa = PBXFileReference; lastKnownFileType = sourcecode.cpp.cpp; path = 98_v2.cpp; sourceTree = "<group>"; };
		3A322F60238E6ED2008F078A /* 99_v1.cpp */ = {isa = PBXFileReference; lastKnownFileType = sourcecode.cpp.cpp; path = 99_v1.cpp; sourceTree = "<group>"; };
		3A322F62238E7077008F078A /* 100_v1.cpp */ = {isa = PBXFileReference; lastKnownFileType = sourcecode.cpp.cpp; path = 100_v1.cpp; sourceTree = "<group>"; };
		3A322F64238E7279008F078A /* 100_v2.cpp */ = {isa = PBXFileReference; lastKnownFileType = sourcecode.cpp.cpp; path = 100_v2.cpp; sourceTree = "<group>"; };
		3A322F66238E7536008F078A /* 101_v1.cpp */ = {isa = PBXFileReference; lastKnownFileType = sourcecode.cpp.cpp; path = 101_v1.cpp; sourceTree = "<group>"; };
		3A322F68238E788F008F078A /* 104_v1.cpp */ = {isa = PBXFileReference; lastKnownFileType = sourcecode.cpp.cpp; path = 104_v1.cpp; sourceTree = "<group>"; };
		3A322F6A238E8406008F078A /* 108_v1.cpp */ = {isa = PBXFileReference; lastKnownFileType = sourcecode.cpp.cpp; path = 108_v1.cpp; sourceTree = "<group>"; };
		3A322F6C238E9BE6008F078A /* 109_v1.cpp */ = {isa = PBXFileReference; lastKnownFileType = sourcecode.cpp.cpp; path = 109_v1.cpp; sourceTree = "<group>"; };
		3A322F6E238E9F0D008F078A /* 110_v1.cpp */ = {isa = PBXFileReference; lastKnownFileType = sourcecode.cpp.cpp; path = 110_v1.cpp; sourceTree = "<group>"; };
		3A3887F5237BE0F2009EADFB /* 765_v1.cpp */ = {isa = PBXFileReference; lastKnownFileType = sourcecode.cpp.cpp; path = 765_v1.cpp; sourceTree = "<group>"; };
		3A3887F7237C1F83009EADFB /* 861_v1.cpp */ = {isa = PBXFileReference; lastKnownFileType = sourcecode.cpp.cpp; path = 861_v1.cpp; sourceTree = "<group>"; };
		3A3887F9237CF063009EADFB /* 870_v1.cpp */ = {isa = PBXFileReference; lastKnownFileType = sourcecode.cpp.cpp; path = 870_v1.cpp; sourceTree = "<group>"; };
		3A3887FA237CF064009EADFB /* 870_v1.hpp */ = {isa = PBXFileReference; lastKnownFileType = sourcecode.cpp.h; path = 870_v1.hpp; sourceTree = "<group>"; };
		3A3887FC2382EC3E009EADFB /* 874_v1.cpp */ = {isa = PBXFileReference; lastKnownFileType = sourcecode.cpp.cpp; path = 874_v1.cpp; sourceTree = "<group>"; };
		3A3887FE2382EDE0009EADFB /* 874_v2.cpp */ = {isa = PBXFileReference; lastKnownFileType = sourcecode.cpp.cpp; path = 874_v2.cpp; sourceTree = "<group>"; };
		3A38880023838839009EADFB /* 881_v1.cpp */ = {isa = PBXFileReference; lastKnownFileType = sourcecode.cpp.cpp; path = 881_v1.cpp; sourceTree = "<group>"; };
		3A38880223839BF6009EADFB /* 910_v1.cpp */ = {isa = PBXFileReference; lastKnownFileType = sourcecode.cpp.cpp; path = 910_v1.cpp; sourceTree = "<group>"; };
		3A3888042383A029009EADFB /* 970_v1.cpp */ = {isa = PBXFileReference; lastKnownFileType = sourcecode.cpp.cpp; path = 970_v1.cpp; sourceTree = "<group>"; };
		3A3888062383A19E009EADFB /* 970_v2.cpp */ = {isa = PBXFileReference; lastKnownFileType = sourcecode.cpp.cpp; path = 970_v2.cpp; sourceTree = "<group>"; };
		3A3888082383EE5B009EADFB /* 1217_v1.cpp */ = {isa = PBXFileReference; lastKnownFileType = sourcecode.cpp.cpp; path = 1217_v1.cpp; sourceTree = "<group>"; };
		3A3FB9E6235306F00045D9E5 /* LongestCommonSubstring_v1.cpp */ = {isa = PBXFileReference; lastKnownFileType = sourcecode.cpp.cpp; path = LongestCommonSubstring_v1.cpp; sourceTree = "<group>"; };
		3A3FB9E8235309200045D9E5 /* LongestCommonSubstring_v2.cpp */ = {isa = PBXFileReference; lastKnownFileType = sourcecode.cpp.cpp; path = LongestCommonSubstring_v2.cpp; sourceTree = "<group>"; };
		3A3FB9EA2355E5940045D9E5 /* 62_v1.cpp */ = {isa = PBXFileReference; lastKnownFileType = sourcecode.cpp.cpp; path = 62_v1.cpp; sourceTree = "<group>"; };
		3A3FB9EC2355E9A60045D9E5 /* 62_v2.cpp */ = {isa = PBXFileReference; lastKnownFileType = sourcecode.cpp.cpp; path = 62_v2.cpp; sourceTree = "<group>"; };
		3A3FB9EE2355FA350045D9E5 /* 63_v1.cpp */ = {isa = PBXFileReference; lastKnownFileType = sourcecode.cpp.cpp; path = 63_v1.cpp; sourceTree = "<group>"; };
		3A3FB9F0235619110045D9E5 /* 64_v1.cpp */ = {isa = PBXFileReference; lastKnownFileType = sourcecode.cpp.cpp; path = 64_v1.cpp; sourceTree = "<group>"; };
		3A3FB9F22358AF690045D9E5 /* 44_v1.cpp */ = {isa = PBXFileReference; lastKnownFileType = sourcecode.cpp.cpp; path = 44_v1.cpp; sourceTree = "<group>"; };
		3A3FB9F42358AFB40045D9E5 /* 32_v1.cpp */ = {isa = PBXFileReference; lastKnownFileType = sourcecode.cpp.cpp; path = 32_v1.cpp; sourceTree = "<group>"; };
		3A3FB9F62358C4690045D9E5 /* 58_v1.cpp */ = {isa = PBXFileReference; lastKnownFileType = sourcecode.cpp.cpp; path = 58_v1.cpp; sourceTree = "<group>"; };
		3A3FB9FA235B46680045D9E5 /* 19FFlattening.cpp */ = {isa = PBXFileReference; lastKnownFileType = sourcecode.cpp.cpp; path = 19FFlattening.cpp; sourceTree = "<group>"; };
		3A3FBA172361C5240045D9E5 /* 121_v1.cpp */ = {isa = PBXFileReference; lastKnownFileType = sourcecode.cpp.cpp; path = 121_v1.cpp; sourceTree = "<group>"; };
		3A3FBA192361C65A0045D9E5 /* 121_v2.cpp */ = {isa = PBXFileReference; lastKnownFileType = sourcecode.cpp.cpp; path = 121_v2.cpp; sourceTree = "<group>"; };
		3A3FBA1B2369D0010045D9E5 /* 134_v1.cpp */ = {isa = PBXFileReference; lastKnownFileType = sourcecode.cpp.cpp; path = 134_v1.cpp; sourceTree = "<group>"; };
		3A3FBA1D2369D0F60045D9E5 /* 134_v2.cpp */ = {isa = PBXFileReference; lastKnownFileType = sourcecode.cpp.cpp; path = 134_v2.cpp; sourceTree = "<group>"; };
		3A3FBA1F2369D3ED0045D9E5 /* 134_v3.cpp */ = {isa = PBXFileReference; lastKnownFileType = sourcecode.cpp.cpp; path = 134_v3.cpp; sourceTree = "<group>"; };
		3A3FBA212369D4E40045D9E5 /* 134_v4.cpp */ = {isa = PBXFileReference; lastKnownFileType = sourcecode.cpp.cpp; path = 134_v4.cpp; sourceTree = "<group>"; };
		3A3FBA232369E0F50045D9E5 /* 135_v1.cpp */ = {isa = PBXFileReference; lastKnownFileType = sourcecode.cpp.cpp; path = 135_v1.cpp; sourceTree = "<group>"; };
		3A412D8C2386D3380093A60A /* 49_v1.cpp */ = {isa = PBXFileReference; lastKnownFileType = sourcecode.cpp.cpp; path = 49_v1.cpp; sourceTree = "<group>"; };
		3A412D8E2386D4CB0093A60A /* 49_v2.cpp */ = {isa = PBXFileReference; lastKnownFileType = sourcecode.cpp.cpp; path = 49_v2.cpp; sourceTree = "<group>"; };
		3A412D902386D5A50093A60A /* 136_v1.cpp */ = {isa = PBXFileReference; lastKnownFileType = sourcecode.cpp.cpp; path = 136_v1.cpp; sourceTree = "<group>"; };
		3A412D922386D6DB0093A60A /* 136_v2.cpp */ = {isa = PBXFileReference; lastKnownFileType = sourcecode.cpp.cpp; path = 136_v2.cpp; sourceTree = "<group>"; };
		3A412D942386DADF0093A60A /* 94_v1.cpp */ = {isa = PBXFileReference; lastKnownFileType = sourcecode.cpp.cpp; path = 94_v1.cpp; sourceTree = "<group>"; };
		3A412D962386DCE90093A60A /* 94_v2.cpp */ = {isa = PBXFileReference; lastKnownFileType = sourcecode.cpp.cpp; path = 94_v2.cpp; sourceTree = "<group>"; };
		3A412D98238915AC0093A60A /* 202_v1.cpp */ = {isa = PBXFileReference; lastKnownFileType = sourcecode.cpp.cpp; path = 202_v1.cpp; sourceTree = "<group>"; };
		3A58D5E2230534960033F424 /* leetcode */ = {isa = PBXFileReference; explicitFileType = "compiled.mach-o.executable"; includeInIndex = 0; path = leetcode; sourceTree = BUILT_PRODUCTS_DIR; };
		3A58D5E5230534960033F424 /* main.cpp */ = {isa = PBXFileReference; lastKnownFileType = sourcecode.cpp.cpp; path = main.cpp; sourceTree = "<group>"; };
		3A58D5ED230535070033F424 /* 1_array_v1.cpp */ = {isa = PBXFileReference; lastKnownFileType = sourcecode.cpp.cpp; path = 1_array_v1.cpp; sourceTree = "<group>"; };
		3A58D5F5230952F10033F424 /* 1_array_v2.cpp */ = {isa = PBXFileReference; lastKnownFileType = sourcecode.cpp.cpp; path = 1_array_v2.cpp; sourceTree = "<group>"; };
		3A58D5F7230960AB0033F424 /* 4_array_v1.cpp */ = {isa = PBXFileReference; lastKnownFileType = sourcecode.cpp.cpp; path = 4_array_v1.cpp; sourceTree = "<group>"; };
		3A58D5F9230A277D0033F424 /* 4_array_v2.cpp */ = {isa = PBXFileReference; lastKnownFileType = sourcecode.cpp.cpp; path = 4_array_v2.cpp; sourceTree = "<group>"; };
		3A58D5FB230A2DA40033F424 /* 11_array_v1.cpp */ = {isa = PBXFileReference; lastKnownFileType = sourcecode.cpp.cpp; path = 11_array_v1.cpp; sourceTree = "<group>"; };
		3A58D5FD230A30520033F424 /* 11_array_v2.cpp */ = {isa = PBXFileReference; lastKnownFileType = sourcecode.cpp.cpp; path = 11_array_v2.cpp; sourceTree = "<group>"; };
		3A58D5FF230A325A0033F424 /* 11_array_v3.cpp */ = {isa = PBXFileReference; lastKnownFileType = sourcecode.cpp.cpp; path = 11_array_v3.cpp; sourceTree = "<group>"; };
		3A58D601230A81D50033F424 /* 15_array_v1.cpp */ = {isa = PBXFileReference; lastKnownFileType = sourcecode.cpp.cpp; path = 15_array_v1.cpp; sourceTree = "<group>"; };
		3A58D603230A85E20033F424 /* 15_array_v2.cpp */ = {isa = PBXFileReference; lastKnownFileType = sourcecode.cpp.cpp; path = 15_array_v2.cpp; sourceTree = "<group>"; };
		3A62A754238ECBF100ACD0B3 /* 105_v1.cpp */ = {isa = PBXFileReference; lastKnownFileType = sourcecode.cpp.cpp; path = 105_v1.cpp; sourceTree = "<group>"; };
		3A62A756238F7AB900ACD0B3 /* 106_v1.cpp */ = {isa = PBXFileReference; lastKnownFileType = sourcecode.cpp.cpp; path = 106_v1.cpp; sourceTree = "<group>"; };
		3A62A758238F986900ACD0B3 /* 102_v1.cpp */ = {isa = PBXFileReference; lastKnownFileType = sourcecode.cpp.cpp; path = 102_v1.cpp; sourceTree = "<group>"; };
		3A62A75A238FAEB900ACD0B3 /* 103_v1.cpp */ = {isa = PBXFileReference; lastKnownFileType = sourcecode.cpp.cpp; path = 103_v1.cpp; sourceTree = "<group>"; };
		3A62A75C238FB1A200ACD0B3 /* 111_v1.cpp */ = {isa = PBXFileReference; lastKnownFileType = sourcecode.cpp.cpp; path = 111_v1.cpp; sourceTree = "<group>"; };
		3A62A75E238FB1E000ACD0B3 /* 107_v1.cpp */ = {isa = PBXFileReference; lastKnownFileType = sourcecode.cpp.cpp; path = 107_v1.cpp; sourceTree = "<group>"; };
		3A62A760238FE56B00ACD0B3 /* 127_v1.cpp */ = {isa = PBXFileReference; lastKnownFileType = sourcecode.cpp.cpp; path = 127_v1.cpp; sourceTree = "<group>"; };
		3A62A762239276BF00ACD0B3 /* 342_v1.cpp */ = {isa = PBXFileReference; lastKnownFileType = sourcecode.cpp.cpp; path = 342_v1.cpp; sourceTree = "<group>"; };
		3A62A764239277F800ACD0B3 /* 342_v2.cpp */ = {isa = PBXFileReference; lastKnownFileType = sourcecode.cpp.cpp; path = 342_v2.cpp; sourceTree = "<group>"; };
		3A62A766239287D100ACD0B3 /* 342_v3.cpp */ = {isa = PBXFileReference; lastKnownFileType = sourcecode.cpp.cpp; path = 342_v3.cpp; sourceTree = "<group>"; };
		3A62A7682392884500ACD0B3 /* 342_v4.cpp */ = {isa = PBXFileReference; lastKnownFileType = sourcecode.cpp.cpp; path = 342_v4.cpp; sourceTree = "<group>"; };
		3A62A76A2392896300ACD0B3 /* 231_v1.cpp */ = {isa = PBXFileReference; lastKnownFileType = sourcecode.cpp.cpp; path = 231_v1.cpp; sourceTree = "<group>"; };
		3A62A76C23928A1200ACD0B3 /* 231_v2.cpp */ = {isa = PBXFileReference; lastKnownFileType = sourcecode.cpp.cpp; path = 231_v2.cpp; sourceTree = "<group>"; };
		3A62A76E23928B1600ACD0B3 /* 326_v1.cpp */ = {isa = PBXFileReference; lastKnownFileType = sourcecode.cpp.cpp; path = 326_v1.cpp; sourceTree = "<group>"; };
		3A62A77023928B5B00ACD0B3 /* 326_v2.cpp */ = {isa = PBXFileReference; lastKnownFileType = sourcecode.cpp.cpp; path = 326_v2.cpp; sourceTree = "<group>"; };
		3A62A77223928BE400ACD0B3 /* 326_v3.cpp */ = {isa = PBXFileReference; lastKnownFileType = sourcecode.cpp.cpp; path = 326_v3.cpp; sourceTree = "<group>"; };
		3A7AB2602375BD1D007F2EE4 /* 67_v1.cpp */ = {isa = PBXFileReference; lastKnownFileType = sourcecode.cpp.cpp; path = 67_v1.cpp; sourceTree = "<group>"; };
		3A7AB26223769C13007F2EE4 /* 330_v1.cpp */ = {isa = PBXFileReference; lastKnownFileType = sourcecode.cpp.cpp; path = 330_v1.cpp; sourceTree = "<group>"; };
		3A7AB2642376AEBC007F2EE4 /* 330_v2.cpp */ = {isa = PBXFileReference; lastKnownFileType = sourcecode.cpp.cpp; path = 330_v2.cpp; sourceTree = "<group>"; };
		3A7AB2662376BBC4007F2EE4 /* 376_v1.cpp */ = {isa = PBXFileReference; lastKnownFileType = sourcecode.cpp.cpp; path = 376_v1.cpp; sourceTree = "<group>"; };
		3A7AB26823796F26007F2EE4 /* 406_v1.cpp */ = {isa = PBXFileReference; lastKnownFileType = sourcecode.cpp.cpp; path = 406_v1.cpp; sourceTree = "<group>"; };
		3A7AB26A237971AE007F2EE4 /* 406_v2.cpp */ = {isa = PBXFileReference; lastKnownFileType = sourcecode.cpp.cpp; path = 406_v2.cpp; sourceTree = "<group>"; };
		3A7AB26C2379765E007F2EE4 /* 406_v3.cpp */ = {isa = PBXFileReference; lastKnownFileType = sourcecode.cpp.cpp; path = 406_v3.cpp; sourceTree = "<group>"; };
		3A7AB26E23797752007F2EE4 /* 406_v4.cpp */ = {isa = PBXFileReference; lastKnownFileType = sourcecode.cpp.cpp; path = 406_v4.cpp; sourceTree = "<group>"; };
		3A7AB270237AA664007F2EE4 /* 435_v1.cpp */ = {isa = PBXFileReference; lastKnownFileType = sourcecode.cpp.cpp; path = 435_v1.cpp; sourceTree = "<group>"; };
		3A7AB272237AAE6A007F2EE4 /* 452_v1.cpp */ = {isa = PBXFileReference; lastKnownFileType = sourcecode.cpp.cpp; path = 452_v1.cpp; sourceTree = "<group>"; };
		3A7AB274237AB019007F2EE4 /* 452_v2.cpp */ = {isa = PBXFileReference; lastKnownFileType = sourcecode.cpp.cpp; path = 452_v2.cpp; sourceTree = "<group>"; };
		3A7AB276237AD77A007F2EE4 /* 1108_v1.cpp */ = {isa = PBXFileReference; lastKnownFileType = sourcecode.cpp.cpp; path = 1108_v1.cpp; sourceTree = "<group>"; };
		3A7AB278237AD980007F2EE4 /* 709_v1.cpp */ = {isa = PBXFileReference; lastKnownFileType = sourcecode.cpp.cpp; path = 709_v1.cpp; sourceTree = "<group>"; };
		3A7AB27A237AE73E007F2EE4 /* 929_v1.cpp */ = {isa = PBXFileReference; lastKnownFileType = sourcecode.cpp.cpp; path = 929_v1.cpp; sourceTree = "<group>"; };
		3A7AB27C237AF0AC007F2EE4 /* 1189_v1.cpp */ = {isa = PBXFileReference; lastKnownFileType = sourcecode.cpp.cpp; path = 1189_v1.cpp; sourceTree = "<group>"; };
		3A7AB27E237AF19D007F2EE4 /* 344_v1.cpp */ = {isa = PBXFileReference; lastKnownFileType = sourcecode.cpp.cpp; path = 344_v1.cpp; sourceTree = "<group>"; };
		3A7AB280237AF2C1007F2EE4 /* 75_v1.cpp */ = {isa = PBXFileReference; lastKnownFileType = sourcecode.cpp.cpp; path = 75_v1.cpp; sourceTree = "<group>"; };
		3A7AB282237AF37D007F2EE4 /* 75_v2.cpp */ = {isa = PBXFileReference; lastKnownFileType = sourcecode.cpp.cpp; path = 75_v2.cpp; sourceTree = "<group>"; };
		3A7AB284237AFF11007F2EE4 /* 71_v1.cpp */ = {isa = PBXFileReference; lastKnownFileType = sourcecode.cpp.cpp; path = 71_v1.cpp; sourceTree = "<group>"; };
		3AA3FFC6230CCE1600FDF7C8 /* 16_array_v1.cpp */ = {isa = PBXFileReference; lastKnownFileType = sourcecode.cpp.cpp; path = 16_array_v1.cpp; sourceTree = "<group>"; };
		3AA3FFD0230D412F00FDF7C8 /* 18_array_v1.cpp */ = {isa = PBXFileReference; lastKnownFileType = sourcecode.cpp.cpp; path = 18_array_v1.cpp; sourceTree = "<group>"; };
		3AA3FFD2230D484400FDF7C8 /* 26_array_v1.cpp */ = {isa = PBXFileReference; lastKnownFileType = sourcecode.cpp.cpp; path = 26_array_v1.cpp; sourceTree = "<group>"; };
		3AA3FFD4230D49BD00FDF7C8 /* 27_array_v1.cpp */ = {isa = PBXFileReference; lastKnownFileType = sourcecode.cpp.cpp; path = 27_array_v1.cpp; sourceTree = "<group>"; };
		3AA3FFD6230D6C1A00FDF7C8 /* 27_array_v2.cpp */ = {isa = PBXFileReference; lastKnownFileType = sourcecode.cpp.cpp; path = 27_array_v2.cpp; sourceTree = "<group>"; };
		3AA3FFDE231282A100FDF7C8 /* 31_array_v1.cpp */ = {isa = PBXFileReference; lastKnownFileType = sourcecode.cpp.cpp; path = 31_array_v1.cpp; sourceTree = "<group>"; };
		3AA3FFE0231282CB00FDF7C8 /* 33_array_v1.cpp */ = {isa = PBXFileReference; lastKnownFileType = sourcecode.cpp.cpp; path = 33_array_v1.cpp; sourceTree = "<group>"; };
		3AA3FFE22312883A00FDF7C8 /* 34_array_v1.cpp */ = {isa = PBXFileReference; lastKnownFileType = sourcecode.cpp.cpp; path = 34_array_v1.cpp; sourceTree = "<group>"; };
		3AA3FFE4231289E900FDF7C8 /* 35_array_v1.cpp */ = {isa = PBXFileReference; lastKnownFileType = sourcecode.cpp.cpp; path = 35_array_v1.cpp; sourceTree = "<group>"; };
		3AA3FFE82312DE4300FDF7C8 /* 31_array_v2.cpp */ = {isa = PBXFileReference; lastKnownFileType = sourcecode.cpp.cpp; path = 31_array_v2.cpp; sourceTree = "<group>"; };
		3AA3FFEA2315722800FDF7C8 /* 48_array_v1.cpp */ = {isa = PBXFileReference; lastKnownFileType = sourcecode.cpp.cpp; path = 48_array_v1.cpp; sourceTree = "<group>"; };
		3AA3FFEC2315757900FDF7C8 /* 53_array_v1.cpp */ = {isa = PBXFileReference; lastKnownFileType = sourcecode.cpp.cpp; path = 53_array_v1.cpp; sourceTree = "<group>"; };
		3AA3FFEE231EB58700FDF7C8 /* 55_array_v1.cpp */ = {isa = PBXFileReference; lastKnownFileType = sourcecode.cpp.cpp; path = 55_array_v1.cpp; sourceTree = "<group>"; };
		3AA3FFF0231EB6DF00FDF7C8 /* 55_array_v2.cpp */ = {isa = PBXFileReference; lastKnownFileType = sourcecode.cpp.cpp; path = 55_array_v2.cpp; sourceTree = "<group>"; };
		3AA3FFF1231EB6DF00FDF7C8 /* 55_array_v2.hpp */ = {isa = PBXFileReference; lastKnownFileType = sourcecode.cpp.h; path = 55_array_v2.hpp; sourceTree = "<group>"; };
/* End PBXFileReference section */

/* Begin PBXFrameworksBuildPhase section */
		3A58D5DF230534960033F424 /* Frameworks */ = {
			isa = PBXFrameworksBuildPhase;
			buildActionMask = 2147483647;
			files = (
			);
			runOnlyForDeploymentPostprocessing = 0;
		};
/* End PBXFrameworksBuildPhase section */

/* Begin PBXGroup section */
		3A3FB9F9235B46330045D9E5 /* kickstart */ = {
			isa = PBXGroup;
			children = (
				3A3FB9FA235B46680045D9E5 /* 19FFlattening.cpp */,
			);
			path = kickstart;
			sourceTree = "<group>";
		};
		3A58D5D9230534960033F424 = {
			isa = PBXGroup;
			children = (
				3A58D5E4230534960033F424 /* leetcode */,
				3A58D5E3230534960033F424 /* Products */,
			);
			sourceTree = "<group>";
		};
		3A58D5E3230534960033F424 /* Products */ = {
			isa = PBXGroup;
			children = (
				3A58D5E2230534960033F424 /* leetcode */,
			);
			name = Products;
			sourceTree = "<group>";
		};
		3A58D5E4230534960033F424 /* leetcode */ = {
			isa = PBXGroup;
			children = (
				3A3FB9F9235B46330045D9E5 /* kickstart */,
				3A3FB9F0235619110045D9E5 /* 64_v1.cpp */,
				3A223873234A0E59000B49A9 /* 3_v1.cpp */,
				3A223875234A172C000B49A9 /* 3_v2.cpp */,
				3A3FB9E6235306F00045D9E5 /* LongestCommonSubstring_v1.cpp */,
				3A3FB9E8235309200045D9E5 /* LongestCommonSubstring_v2.cpp */,
				3A3FB9EA2355E5940045D9E5 /* 62_v1.cpp */,
				3A3FB9EC2355E9A60045D9E5 /* 62_v2.cpp */,
				3A3FB9EE2355FA350045D9E5 /* 63_v1.cpp */,
				3A58D5EC230534C40033F424 /* array */,
				3A3FB9F22358AF690045D9E5 /* 44_v1.cpp */,
				3A3FB9F42358AFB40045D9E5 /* 32_v1.cpp */,
				3A3FB9F62358C4690045D9E5 /* 58_v1.cpp */,
				3A3FBA172361C5240045D9E5 /* 121_v1.cpp */,
				3A3FBA192361C65A0045D9E5 /* 121_v2.cpp */,
				3A3FBA1B2369D0010045D9E5 /* 134_v1.cpp */,
				3A3FBA1D2369D0F60045D9E5 /* 134_v2.cpp */,
				3A3FBA1F2369D3ED0045D9E5 /* 134_v3.cpp */,
				3A3FBA212369D4E40045D9E5 /* 134_v4.cpp */,
				3A3FBA232369E0F50045D9E5 /* 135_v1.cpp */,
				3A22F5E0236C82DB008EE812 /* 621_v1.cpp */,
				3A22F5E2236C86A4008EE812 /* 621_v2.cpp */,
				3A22F5E423707653008EE812 /* 316_v1.cpp */,
				3A22F5E623727875008EE812 /* 81_v1.cpp */,
				3A7AB2602375BD1D007F2EE4 /* 67_v1.cpp */,
				3A7AB26223769C13007F2EE4 /* 330_v1.cpp */,
				3A7AB2642376AEBC007F2EE4 /* 330_v2.cpp */,
				3A7AB2662376BBC4007F2EE4 /* 376_v1.cpp */,
				3A7AB26823796F26007F2EE4 /* 406_v1.cpp */,
				3A7AB26A237971AE007F2EE4 /* 406_v2.cpp */,
				3A7AB26C2379765E007F2EE4 /* 406_v3.cpp */,
				3A7AB26E23797752007F2EE4 /* 406_v4.cpp */,
				3A7AB270237AA664007F2EE4 /* 435_v1.cpp */,
				3A7AB272237AAE6A007F2EE4 /* 452_v1.cpp */,
				3A7AB274237AB019007F2EE4 /* 452_v2.cpp */,
				3A7AB276237AD77A007F2EE4 /* 1108_v1.cpp */,
				3A7AB278237AD980007F2EE4 /* 709_v1.cpp */,
				3A7AB27A237AE73E007F2EE4 /* 929_v1.cpp */,
				3A7AB27C237AF0AC007F2EE4 /* 1189_v1.cpp */,
				3A7AB27E237AF19D007F2EE4 /* 344_v1.cpp */,
				3A7AB280237AF2C1007F2EE4 /* 75_v1.cpp */,
				3A7AB282237AF37D007F2EE4 /* 75_v2.cpp */,
				3A7AB284237AFF11007F2EE4 /* 71_v1.cpp */,
				3A3887F5237BE0F2009EADFB /* 765_v1.cpp */,
				3A3887F7237C1F83009EADFB /* 861_v1.cpp */,
				3A3887F9237CF063009EADFB /* 870_v1.cpp */,
				3A3887FA237CF064009EADFB /* 870_v1.hpp */,
				3A3887FC2382EC3E009EADFB /* 874_v1.cpp */,
				3A3887FE2382EDE0009EADFB /* 874_v2.cpp */,
				3A38880023838839009EADFB /* 881_v1.cpp */,
				3A38880223839BF6009EADFB /* 910_v1.cpp */,
				3A3888042383A029009EADFB /* 970_v1.cpp */,
				3A3888062383A19E009EADFB /* 970_v2.cpp */,
				3A3888082383EE5B009EADFB /* 1217_v1.cpp */,
				3A412D8C2386D3380093A60A /* 49_v1.cpp */,
				3A412D8E2386D4CB0093A60A /* 49_v2.cpp */,
				3A412D902386D5A50093A60A /* 136_v1.cpp */,
				3A412D922386D6DB0093A60A /* 136_v2.cpp */,
				3A412D942386DADF0093A60A /* 94_v1.cpp */,
				3A412D962386DCE90093A60A /* 94_v2.cpp */,
				3A412D98238915AC0093A60A /* 202_v1.cpp */,
				3A322F5C238D797F008F078A /* 98_v1.cpp */,
				3A322F5E238D7E39008F078A /* 98_v2.cpp */,
				3A322F60238E6ED2008F078A /* 99_v1.cpp */,
				3A322F62238E7077008F078A /* 100_v1.cpp */,
				3A322F64238E7279008F078A /* 100_v2.cpp */,
				3A322F66238E7536008F078A /* 101_v1.cpp */,
				3A322F68238E788F008F078A /* 104_v1.cpp */,
				3A322F6A238E8406008F078A /* 108_v1.cpp */,
				3A322F6C238E9BE6008F078A /* 109_v1.cpp */,
				3A322F6E238E9F0D008F078A /* 110_v1.cpp */,
				3A62A754238ECBF100ACD0B3 /* 105_v1.cpp */,
				3A62A756238F7AB900ACD0B3 /* 106_v1.cpp */,
				3A62A758238F986900ACD0B3 /* 102_v1.cpp */,
				3A62A75A238FAEB900ACD0B3 /* 103_v1.cpp */,
				3A62A75C238FB1A200ACD0B3 /* 111_v1.cpp */,
				3A62A75E238FB1E000ACD0B3 /* 107_v1.cpp */,
				3A62A760238FE56B00ACD0B3 /* 127_v1.cpp */,
				3A62A762239276BF00ACD0B3 /* 342_v1.cpp */,
				3A62A764239277F800ACD0B3 /* 342_v2.cpp */,
				3A62A766239287D100ACD0B3 /* 342_v3.cpp */,
				3A62A7682392884500ACD0B3 /* 342_v4.cpp */,
				3A62A76A2392896300ACD0B3 /* 231_v1.cpp */,
				3A62A76C23928A1200ACD0B3 /* 231_v2.cpp */,
				3A62A76E23928B1600ACD0B3 /* 326_v1.cpp */,
				3A62A77023928B5B00ACD0B3 /* 326_v2.cpp */,
				3A62A77223928BE400ACD0B3 /* 326_v3.cpp */,
			);
			path = leetcode;
			sourceTree = "<group>";
		};
		3A58D5EC230534C40033F424 /* array */ = {
			isa = PBXGroup;
			children = (
				3A58D5E5230534960033F424 /* main.cpp */,
				3A58D5ED230535070033F424 /* 1_array_v1.cpp */,
				3A58D5F5230952F10033F424 /* 1_array_v2.cpp */,
				3A58D5F7230960AB0033F424 /* 4_array_v1.cpp */,
				3A58D5F9230A277D0033F424 /* 4_array_v2.cpp */,
				3A58D5FB230A2DA40033F424 /* 11_array_v1.cpp */,
				3A58D5FD230A30520033F424 /* 11_array_v2.cpp */,
				3A58D5FF230A325A0033F424 /* 11_array_v3.cpp */,
				3A58D601230A81D50033F424 /* 15_array_v1.cpp */,
				3A58D603230A85E20033F424 /* 15_array_v2.cpp */,
				3AA3FFC6230CCE1600FDF7C8 /* 16_array_v1.cpp */,
				3AA3FFD0230D412F00FDF7C8 /* 18_array_v1.cpp */,
				3AA3FFD2230D484400FDF7C8 /* 26_array_v1.cpp */,
				3AA3FFD4230D49BD00FDF7C8 /* 27_array_v1.cpp */,
				3AA3FFD6230D6C1A00FDF7C8 /* 27_array_v2.cpp */,
				3AA3FFDE231282A100FDF7C8 /* 31_array_v1.cpp */,
				3AA3FFE22312883A00FDF7C8 /* 34_array_v1.cpp */,
				3AA3FFE4231289E900FDF7C8 /* 35_array_v1.cpp */,
				3AA3FFE82312DE4300FDF7C8 /* 31_array_v2.cpp */,
				3AA3FFEA2315722800FDF7C8 /* 48_array_v1.cpp */,
				3AA3FFEC2315757900FDF7C8 /* 53_array_v1.cpp */,
				3AA3FFE0231282CB00FDF7C8 /* 33_array_v1.cpp */,
				3AA3FFEE231EB58700FDF7C8 /* 55_array_v1.cpp */,
				3AA3FFF0231EB6DF00FDF7C8 /* 55_array_v2.cpp */,
				3AA3FFF1231EB6DF00FDF7C8 /* 55_array_v2.hpp */,
			);
			path = array;
			sourceTree = "<group>";
		};
/* End PBXGroup section */

/* Begin PBXNativeTarget section */
		3A58D5E1230534960033F424 /* leetcode */ = {
			isa = PBXNativeTarget;
			buildConfigurationList = 3A58D5E9230534960033F424 /* Build configuration list for PBXNativeTarget "leetcode" */;
			buildPhases = (
				3A58D5DE230534960033F424 /* Sources */,
				3A58D5DF230534960033F424 /* Frameworks */,
				3A58D5E0230534960033F424 /* CopyFiles */,
			);
			buildRules = (
			);
			dependencies = (
			);
			name = leetcode;
			productName = leetcode;
			productReference = 3A58D5E2230534960033F424 /* leetcode */;
			productType = "com.apple.product-type.tool";
		};
/* End PBXNativeTarget section */

/* Begin PBXProject section */
		3A58D5DA230534960033F424 /* Project object */ = {
			isa = PBXProject;
			attributes = {
				LastUpgradeCheck = 1030;
				ORGANIZATIONNAME = "李庆文";
				TargetAttributes = {
					3A58D5E1230534960033F424 = {
						CreatedOnToolsVersion = 10.3;
					};
				};
			};
			buildConfigurationList = 3A58D5DD230534960033F424 /* Build configuration list for PBXProject "leetcode" */;
			compatibilityVersion = "Xcode 9.3";
			developmentRegion = en;
			hasScannedForEncodings = 0;
			knownRegions = (
				en,
			);
			mainGroup = 3A58D5D9230534960033F424;
			productRefGroup = 3A58D5E3230534960033F424 /* Products */;
			projectDirPath = "";
			projectRoot = "";
			targets = (
				3A58D5E1230534960033F424 /* leetcode */,
			);
		};
/* End PBXProject section */

/* Begin PBXSourcesBuildPhase section */
		3A58D5DE230534960033F424 /* Sources */ = {
			isa = PBXSourcesBuildPhase;
			buildActionMask = 2147483647;
			files = (
				3A58D600230A325A0033F424 /* 11_array_v3.cpp in Sources */,
				3A3FBA242369E0F50045D9E5 /* 135_v1.cpp in Sources */,
				3A58D5F6230952F10033F424 /* 1_array_v2.cpp in Sources */,
				3AA3FFEF231EB58700FDF7C8 /* 55_array_v1.cpp in Sources */,
				3A412D972386DCE90093A60A /* 94_v2.cpp in Sources */,
				3A3FB9F32358AF690045D9E5 /* 44_v1.cpp in Sources */,
				3A322F6B238E8406008F078A /* 108_v1.cpp in Sources */,
				3A7AB27D237AF0AC007F2EE4 /* 1189_v1.cpp in Sources */,
				3A3FB9F72358C4690045D9E5 /* 58_v1.cpp in Sources */,
				3AA3FFC7230CCE1600FDF7C8 /* 16_array_v1.cpp in Sources */,
				3A322F67238E7536008F078A /* 101_v1.cpp in Sources */,
				3A58D5E6230534960033F424 /* main.cpp in Sources */,
				3A7AB2652376AEBC007F2EE4 /* 330_v2.cpp in Sources */,
				3A7AB283237AF37D007F2EE4 /* 75_v2.cpp in Sources */,
				3A3888052383A029009EADFB /* 970_v1.cpp in Sources */,
				3A58D5FC230A2DA40033F424 /* 11_array_v1.cpp in Sources */,
				3A322F5F238D7E39008F078A /* 98_v2.cpp in Sources */,
				3AA3FFE92312DE4300FDF7C8 /* 31_array_v2.cpp in Sources */,
				3A3FBA202369D3ED0045D9E5 /* 134_v3.cpp in Sources */,
				3A3FB9E7235306F00045D9E5 /* LongestCommonSubstring_v1.cpp in Sources */,
				3A62A759238F986900ACD0B3 /* 102_v1.cpp in Sources */,
				3A7AB271237AA664007F2EE4 /* 435_v1.cpp in Sources */,
				3A3887FD2382EC3E009EADFB /* 874_v1.cpp in Sources */,
				3A412D8D2386D3380093A60A /* 49_v1.cpp in Sources */,
				3AA3FFF2231EB6DF00FDF7C8 /* 55_array_v2.cpp in Sources */,
				3A7AB2612375BD1D007F2EE4 /* 67_v1.cpp in Sources */,
				3A412D912386D5A50093A60A /* 136_v1.cpp in Sources */,
				3A3FBA182361C5240045D9E5 /* 121_v1.cpp in Sources */,
				3A7AB275237AB019007F2EE4 /* 452_v2.cpp in Sources */,
				3A322F5D238D797F008F078A /* 98_v1.cpp in Sources */,
				3A3887F6237BE0F2009EADFB /* 765_v1.cpp in Sources */,
				3A3FBA1A2361C65A0045D9E5 /* 121_v2.cpp in Sources */,
				3AA3FFD5230D49BD00FDF7C8 /* 27_array_v1.cpp in Sources */,
				3A62A77123928B5B00ACD0B3 /* 326_v2.cpp in Sources */,
				3A3FB9F1235619110045D9E5 /* 64_v1.cpp in Sources */,
				3A412D932386D6DB0093A60A /* 136_v2.cpp in Sources */,
				3AA3FFD1230D412F00FDF7C8 /* 18_array_v1.cpp in Sources */,
				3A58D602230A81D50033F424 /* 15_array_v1.cpp in Sources */,
				3AA3FFDF231282A100FDF7C8 /* 31_array_v1.cpp in Sources */,
				3A62A75B238FAEB900ACD0B3 /* 103_v1.cpp in Sources */,
				3A7AB285237AFF11007F2EE4 /* 71_v1.cpp in Sources */,
				3A3FBA1E2369D0F60045D9E5 /* 134_v2.cpp in Sources */,
				3A3888072383A19E009EADFB /* 970_v2.cpp in Sources */,
				3A22F5E723727875008EE812 /* 81_v1.cpp in Sources */,
				3A3888092383EE5B009EADFB /* 1217_v1.cpp in Sources */,
				3A412D952386DADF0093A60A /* 94_v1.cpp in Sources */,
				3A322F6D238E9BE6008F078A /* 109_v1.cpp in Sources */,
				3A7AB2672376BBC4007F2EE4 /* 376_v1.cpp in Sources */,
				3AA3FFE32312883A00FDF7C8 /* 34_array_v1.cpp in Sources */,
				3A322F65238E7279008F078A /* 100_v2.cpp in Sources */,
				3A22F5E1236C82DB008EE812 /* 621_v1.cpp in Sources */,
				3A58D5FA230A277D0033F424 /* 4_array_v2.cpp in Sources */,
				3A322F63238E7077008F078A /* 100_v1.cpp in Sources */,
				3A38880323839BF6009EADFB /* 910_v1.cpp in Sources */,
				3A62A7692392884500ACD0B3 /* 342_v4.cpp in Sources */,
				3A3FB9FB235B46680045D9E5 /* 19FFlattening.cpp in Sources */,
				3A223874234A0E59000B49A9 /* 3_v1.cpp in Sources */,
				3A3FB9EB2355E5940045D9E5 /* 62_v1.cpp in Sources */,
				3A58D5EE230535070033F424 /* 1_array_v1.cpp in Sources */,
				3A7AB277237AD77A007F2EE4 /* 1108_v1.cpp in Sources */,
				3AA3FFE5231289E900FDF7C8 /* 35_array_v1.cpp in Sources */,
				3A3887F8237C1F83009EADFB /* 861_v1.cpp in Sources */,
				3A62A75D238FB1A200ACD0B3 /* 111_v1.cpp in Sources */,
				3A223876234A172D000B49A9 /* 3_v2.cpp in Sources */,
				3A3FB9E9235309200045D9E5 /* LongestCommonSubstring_v2.cpp in Sources */,
				3A3887FB237CF064009EADFB /* 870_v1.cpp in Sources */,
				3AA3FFEB2315722800FDF7C8 /* 48_array_v1.cpp in Sources */,
				3A7AB27F237AF19D007F2EE4 /* 344_v1.cpp in Sources */,
				3A3FBA1C2369D0010045D9E5 /* 134_v1.cpp in Sources */,
				3A62A76B2392896300ACD0B3 /* 231_v1.cpp in Sources */,
				3A322F6F238E9F0D008F078A /* 110_v1.cpp in Sources */,
				3A322F69238E788F008F078A /* 104_v1.cpp in Sources */,
				3A62A765239277F800ACD0B3 /* 342_v2.cpp in Sources */,
				3A3FB9EF2355FA350045D9E5 /* 63_v1.cpp in Sources */,
				3A58D5FE230A30520033F424 /* 11_array_v2.cpp in Sources */,
				3A62A75F238FB1E000ACD0B3 /* 107_v1.cpp in Sources */,
				3A7AB281237AF2C1007F2EE4 /* 75_v1.cpp in Sources */,
				3A62A77323928BE400ACD0B3 /* 326_v3.cpp in Sources */,
				3A62A76D23928A1200ACD0B3 /* 231_v2.cpp in Sources */,
				3A7AB273237AAE6A007F2EE4 /* 452_v1.cpp in Sources */,
				3A7AB26923796F26007F2EE4 /* 406_v1.cpp in Sources */,
				3A322F61238E6ED2008F078A /* 99_v1.cpp in Sources */,
				3A62A767239287D100ACD0B3 /* 342_v3.cpp in Sources */,
				3AA3FFE1231282CB00FDF7C8 /* 33_array_v1.cpp in Sources */,
				3A7AB279237AD980007F2EE4 /* 709_v1.cpp in Sources */,
				3A7AB27B237AE73E007F2EE4 /* 929_v1.cpp in Sources */,
				3A7AB26D2379765E007F2EE4 /* 406_v3.cpp in Sources */,
				3A3FBA222369D4E40045D9E5 /* 134_v4.cpp in Sources */,
				3A3887FF2382EDE0009EADFB /* 874_v2.cpp in Sources */,
				3AA3FFD7230D6C1A00FDF7C8 /* 27_array_v2.cpp in Sources */,
				3A22F5E3236C86A4008EE812 /* 621_v2.cpp in Sources */,
				3A7AB26323769C13007F2EE4 /* 330_v1.cpp in Sources */,
				3A62A755238ECBF100ACD0B3 /* 105_v1.cpp in Sources */,
				3AA3FFED2315757900FDF7C8 /* 53_array_v1.cpp in Sources */,
				3A412D99238915AC0093A60A /* 202_v1.cpp in Sources */,
				3A62A76F23928B1600ACD0B3 /* 326_v1.cpp in Sources */,
				3A3FB9F52358AFB40045D9E5 /* 32_v1.cpp in Sources */,
				3A58D5F8230960AB0033F424 /* 4_array_v1.cpp in Sources */,
				3A58D604230A85E20033F424 /* 15_array_v2.cpp in Sources */,
				3A62A757238F7AB900ACD0B3 /* 106_v1.cpp in Sources */,
				3A38880123838839009EADFB /* 881_v1.cpp in Sources */,
				3A412D8F2386D4CB0093A60A /* 49_v2.cpp in Sources */,
				3A22F5E523707653008EE812 /* 316_v1.cpp in Sources */,
				3A7AB26F23797752007F2EE4 /* 406_v4.cpp in Sources */,
				3A7AB26B237971AE007F2EE4 /* 406_v2.cpp in Sources */,
				3AA3FFD3230D484400FDF7C8 /* 26_array_v1.cpp in Sources */,
				3A3FB9ED2355E9A60045D9E5 /* 62_v2.cpp in Sources */,
				3A62A761238FE56B00ACD0B3 /* 127_v1.cpp in Sources */,
				3A62A763239276BF00ACD0B3 /* 342_v1.cpp in Sources */,
			);
			runOnlyForDeploymentPostprocessing = 0;
		};
/* End PBXSourcesBuildPhase section */

/* Begin XCBuildConfiguration section */
		3A58D5E7230534960033F424 /* Debug */ = {
			isa = XCBuildConfiguration;
			buildSettings = {
				ALWAYS_SEARCH_USER_PATHS = NO;
				CLANG_ANALYZER_NONNULL = YES;
				CLANG_ANALYZER_NUMBER_OBJECT_CONVERSION = YES_AGGRESSIVE;
				CLANG_CXX_LANGUAGE_STANDARD = "gnu++14";
				CLANG_CXX_LIBRARY = "libc++";
				CLANG_ENABLE_MODULES = YES;
				CLANG_ENABLE_OBJC_ARC = YES;
				CLANG_ENABLE_OBJC_WEAK = YES;
				CLANG_WARN_BLOCK_CAPTURE_AUTORELEASING = YES;
				CLANG_WARN_BOOL_CONVERSION = YES;
				CLANG_WARN_COMMA = YES;
				CLANG_WARN_CONSTANT_CONVERSION = YES;
				CLANG_WARN_DEPRECATED_OBJC_IMPLEMENTATIONS = YES;
				CLANG_WARN_DIRECT_OBJC_ISA_USAGE = YES_ERROR;
				CLANG_WARN_DOCUMENTATION_COMMENTS = YES;
				CLANG_WARN_EMPTY_BODY = YES;
				CLANG_WARN_ENUM_CONVERSION = YES;
				CLANG_WARN_INFINITE_RECURSION = YES;
				CLANG_WARN_INT_CONVERSION = YES;
				CLANG_WARN_NON_LITERAL_NULL_CONVERSION = YES;
				CLANG_WARN_OBJC_IMPLICIT_RETAIN_SELF = YES;
				CLANG_WARN_OBJC_LITERAL_CONVERSION = YES;
				CLANG_WARN_OBJC_ROOT_CLASS = YES_ERROR;
				CLANG_WARN_RANGE_LOOP_ANALYSIS = YES;
				CLANG_WARN_STRICT_PROTOTYPES = YES;
				CLANG_WARN_SUSPICIOUS_MOVE = YES;
				CLANG_WARN_UNGUARDED_AVAILABILITY = YES_AGGRESSIVE;
				CLANG_WARN_UNREACHABLE_CODE = YES;
				CLANG_WARN__DUPLICATE_METHOD_MATCH = YES;
				CODE_SIGN_IDENTITY = "-";
				COPY_PHASE_STRIP = NO;
				DEBUG_INFORMATION_FORMAT = dwarf;
				ENABLE_STRICT_OBJC_MSGSEND = YES;
				ENABLE_TESTABILITY = YES;
				GCC_C_LANGUAGE_STANDARD = gnu11;
				GCC_DYNAMIC_NO_PIC = NO;
				GCC_NO_COMMON_BLOCKS = YES;
				GCC_OPTIMIZATION_LEVEL = 0;
				GCC_PREPROCESSOR_DEFINITIONS = (
					"DEBUG=1",
					"$(inherited)",
				);
				GCC_WARN_64_TO_32_BIT_CONVERSION = YES;
				GCC_WARN_ABOUT_RETURN_TYPE = YES_ERROR;
				GCC_WARN_UNDECLARED_SELECTOR = YES;
				GCC_WARN_UNINITIALIZED_AUTOS = YES_AGGRESSIVE;
				GCC_WARN_UNUSED_FUNCTION = YES;
				GCC_WARN_UNUSED_VARIABLE = YES;
				MACOSX_DEPLOYMENT_TARGET = 10.14;
				MTL_ENABLE_DEBUG_INFO = INCLUDE_SOURCE;
				MTL_FAST_MATH = YES;
				ONLY_ACTIVE_ARCH = YES;
				SDKROOT = macosx;
			};
			name = Debug;
		};
		3A58D5E8230534960033F424 /* Release */ = {
			isa = XCBuildConfiguration;
			buildSettings = {
				ALWAYS_SEARCH_USER_PATHS = NO;
				CLANG_ANALYZER_NONNULL = YES;
				CLANG_ANALYZER_NUMBER_OBJECT_CONVERSION = YES_AGGRESSIVE;
				CLANG_CXX_LANGUAGE_STANDARD = "gnu++14";
				CLANG_CXX_LIBRARY = "libc++";
				CLANG_ENABLE_MODULES = YES;
				CLANG_ENABLE_OBJC_ARC = YES;
				CLANG_ENABLE_OBJC_WEAK = YES;
				CLANG_WARN_BLOCK_CAPTURE_AUTORELEASING = YES;
				CLANG_WARN_BOOL_CONVERSION = YES;
				CLANG_WARN_COMMA = YES;
				CLANG_WARN_CONSTANT_CONVERSION = YES;
				CLANG_WARN_DEPRECATED_OBJC_IMPLEMENTATIONS = YES;
				CLANG_WARN_DIRECT_OBJC_ISA_USAGE = YES_ERROR;
				CLANG_WARN_DOCUMENTATION_COMMENTS = YES;
				CLANG_WARN_EMPTY_BODY = YES;
				CLANG_WARN_ENUM_CONVERSION = YES;
				CLANG_WARN_INFINITE_RECURSION = YES;
				CLANG_WARN_INT_CONVERSION = YES;
				CLANG_WARN_NON_LITERAL_NULL_CONVERSION = YES;
				CLANG_WARN_OBJC_IMPLICIT_RETAIN_SELF = YES;
				CLANG_WARN_OBJC_LITERAL_CONVERSION = YES;
				CLANG_WARN_OBJC_ROOT_CLASS = YES_ERROR;
				CLANG_WARN_RANGE_LOOP_ANALYSIS = YES;
				CLANG_WARN_STRICT_PROTOTYPES = YES;
				CLANG_WARN_SUSPICIOUS_MOVE = YES;
				CLANG_WARN_UNGUARDED_AVAILABILITY = YES_AGGRESSIVE;
				CLANG_WARN_UNREACHABLE_CODE = YES;
				CLANG_WARN__DUPLICATE_METHOD_MATCH = YES;
				CODE_SIGN_IDENTITY = "-";
				COPY_PHASE_STRIP = NO;
				DEBUG_INFORMATION_FORMAT = "dwarf-with-dsym";
				ENABLE_NS_ASSERTIONS = NO;
				ENABLE_STRICT_OBJC_MSGSEND = YES;
				GCC_C_LANGUAGE_STANDARD = gnu11;
				GCC_NO_COMMON_BLOCKS = YES;
				GCC_WARN_64_TO_32_BIT_CONVERSION = YES;
				GCC_WARN_ABOUT_RETURN_TYPE = YES_ERROR;
				GCC_WARN_UNDECLARED_SELECTOR = YES;
				GCC_WARN_UNINITIALIZED_AUTOS = YES_AGGRESSIVE;
				GCC_WARN_UNUSED_FUNCTION = YES;
				GCC_WARN_UNUSED_VARIABLE = YES;
				MACOSX_DEPLOYMENT_TARGET = 10.14;
				MTL_ENABLE_DEBUG_INFO = NO;
				MTL_FAST_MATH = YES;
				SDKROOT = macosx;
			};
			name = Release;
		};
		3A58D5EA230534960033F424 /* Debug */ = {
			isa = XCBuildConfiguration;
			buildSettings = {
				CODE_SIGN_STYLE = Automatic;
				PRODUCT_NAME = "$(TARGET_NAME)";
			};
			name = Debug;
		};
		3A58D5EB230534960033F424 /* Release */ = {
			isa = XCBuildConfiguration;
			buildSettings = {
				CODE_SIGN_STYLE = Automatic;
				PRODUCT_NAME = "$(TARGET_NAME)";
			};
			name = Release;
		};
/* End XCBuildConfiguration section */

/* Begin XCConfigurationList section */
		3A58D5DD230534960033F424 /* Build configuration list for PBXProject "leetcode" */ = {
			isa = XCConfigurationList;
			buildConfigurations = (
				3A58D5E7230534960033F424 /* Debug */,
				3A58D5E8230534960033F424 /* Release */,
			);
			defaultConfigurationIsVisible = 0;
			defaultConfigurationName = Release;
		};
		3A58D5E9230534960033F424 /* Build configuration list for PBXNativeTarget "leetcode" */ = {
			isa = XCConfigurationList;
			buildConfigurations = (
				3A58D5EA230534960033F424 /* Debug */,
				3A58D5EB230534960033F424 /* Release */,
			);
			defaultConfigurationIsVisible = 0;
			defaultConfigurationName = Release;
		};
/* End XCConfigurationList section */
	};
	rootObject = 3A58D5DA230534960033F424 /* Project object */;
}
